// !$*UTF8*$!
{
	archiveVersion = 1;
	classes = {
	};
	objectVersion = 46;
	objects = {

/* Begin PBXFileReference section */
		CE84443916A591A10062C33A /* __main__.py */ = {isa = PBXFileReference; lastKnownFileType = text.script.python; name = __main__.py; path = src/__main__.py; sourceTree = "<group>"; };
		CE84443A16A591A10062C33A /* ARCed.cfg */ = {isa = PBXFileReference; lastKnownFileType = text; name = ARCed.cfg; path = src/ARCed.cfg; sourceTree = "<group>"; };
		CE84443B16A591A10062C33A /* Boot.py */ = {isa = PBXFileReference; lastKnownFileType = text.script.python; name = Boot.py; path = src/Boot.py; sourceTree = "<group>"; };
		CE84443C16A591A10062C33A /* Core */ = {isa = PBXFileReference; lastKnownFileType = folder; name = Core; path = src/Core; sourceTree = "<group>"; };
		CE84443D16A591A10062C33A /* Database_Test.py */ = {isa = PBXFileReference; lastKnownFileType = text.script.python; name = Database_Test.py; path = src/Database_Test.py; sourceTree = "<group>"; };
		CE84443E16A591A10062C33A /* Kernel.py */ = {isa = PBXFileReference; lastKnownFileType = text.script.python; name = Kernel.py; path = src/Kernel.py; sourceTree = "<group>"; };
		CE84444016A591C60062C33A /* Logo.py */ = {isa = PBXFileReference; lastKnownFileType = text.script.python; name = Logo.py; path = src/Logo.py; sourceTree = "<group>"; };
		CE84444116A591C60062C33A /* Map_Test.py */ = {isa = PBXFileReference; lastKnownFileType = text.script.python; name = Map_Test.py; path = src/Map_Test.py; sourceTree = "<group>"; };
		CE84444216A591D70062C33A /* PyXAL_Test.py */ = {isa = PBXFileReference; lastKnownFileType = text.script.python; name = PyXAL_Test.py; path = src/PyXAL_Test.py; sourceTree = "<group>"; };
/* End PBXFileReference section */

/* Begin PBXGroup section */
		CE84442D16A591090062C33A = {
			isa = PBXGroup;
			children = (
				CE84443C16A591A10062C33A /* Core */,
				CE84444216A591D70062C33A /* PyXAL_Test.py */,
				CE84444016A591C60062C33A /* Logo.py */,
				CE84444116A591C60062C33A /* Map_Test.py */,
				CE84443916A591A10062C33A /* __main__.py */,
				CE84443A16A591A10062C33A /* ARCed.cfg */,
				CE84443B16A591A10062C33A /* Boot.py */,
				CE84443D16A591A10062C33A /* Database_Test.py */,
				CE84443E16A591A10062C33A /* Kernel.py */,
			);
			sourceTree = "<group>";
		};
/* End PBXGroup section */

/* Begin PBXLegacyTarget section */
		CE84444416A5A5EC0062C33A /* Python */ = {
			isa = PBXLegacyTarget;
			buildArgumentsString = "$(ACTION)";
			buildConfigurationList = CE84444516A5A5EC0062C33A /* Build configuration list for PBXLegacyTarget "Python" */;
			buildPhases = (
			);
			buildToolPath = /usr/bin/python;
			dependencies = (
			);
			name = Python;
			passBuildSettingsInEnvironment = 1;
			productName = Python;
		};
/* End PBXLegacyTarget section */

/* Begin PBXProject section */
		CE84442F16A591090062C33A /* Project object */ = {
			isa = PBXProject;
			attributes = {
				LastUpgradeCheck = 0450;
			};
			buildConfigurationList = CE84443216A591090062C33A /* Build configuration list for PBXProject "ARCed" */;
			compatibilityVersion = "Xcode 3.2";
			developmentRegion = English;
			hasScannedForEncodings = 0;
			knownRegions = (
				en,
			);
			mainGroup = CE84442D16A591090062C33A;
			projectDirPath = "";
			projectRoot = "";
			targets = (
				CE84444416A5A5EC0062C33A /* Python */,
			);
		};
/* End PBXProject section */

/* Begin XCBuildConfiguration section */
		CE84443416A591090062C33A /* Debug */ = {
			isa = XCBuildConfiguration;
			buildSettings = {
			};
			name = Debug;
		};
		CE84443516A591090062C33A /* Release */ = {
			isa = XCBuildConfiguration;
			buildSettings = {
			};
			name = Release;
		};
		CE84444616A5A5EC0062C33A /* Debug */ = {
			isa = XCBuildConfiguration;
			buildSettings = {
				ALWAYS_SEARCH_USER_PATHS = NO;
				ARCHS = "$(ARCHS_STANDARD_64_BIT)";
				CLANG_CXX_LANGUAGE_STANDARD = "gnu++0x";
				CLANG_CXX_LIBRARY = "libc++";
				CLANG_WARN_EMPTY_BODY = YES;
				CLANG_WARN__DUPLICATE_METHOD_MATCH = YES;
				COPY_PHASE_STRIP = NO;
				DEBUGGING_SYMBOLS = YES;
				GCC_C_LANGUAGE_STANDARD = gnu99;
				GCC_DYNAMIC_NO_PIC = NO;
				GCC_ENABLE_OBJC_EXCEPTIONS = YES;
				GCC_GENERATE_DEBUGGING_SYMBOLS = YES;
				GCC_OPTIMIZATION_LEVEL = 0;
				GCC_PREPROCESSOR_DEFINITIONS = (
					"DEBUG=1",
					"$(inherited)",
				);
				GCC_SYMBOLS_PRIVATE_EXTERN = NO;
				GCC_WARN_64_TO_32_BIT_CONVERSION = YES;
				GCC_WARN_ABOUT_RETURN_TYPE = YES;
				GCC_WARN_UNINITIALIZED_AUTOS = YES;
				GCC_WARN_UNUSED_VARIABLE = YES;
				MACOSX_DEPLOYMENT_TARGET = 10.7;
				ONLY_ACTIVE_ARCH = YES;
				OTHER_CFLAGS = "";
				OTHER_LDFLAGS = "";
				PRODUCT_NAME = "$(TARGET_NAME)";
				SDKROOT = macosx;
			};
			name = Debug;
		};
		CE84444716A5A5EC0062C33A /* Release */ = {
			isa = XCBuildConfiguration;
			buildSettings = {
				ALWAYS_SEARCH_USER_PATHS = NO;
				ARCHS = "$(ARCHS_STANDARD_64_BIT)";
				CLANG_CXX_LANGUAGE_STANDARD = "gnu++0x";
				CLANG_CXX_LIBRARY = "libc++";
				CLANG_WARN_EMPTY_BODY = YES;
				CLANG_WARN__DUPLICATE_METHOD_MATCH = YES;
				COPY_PHASE_STRIP = YES;
				DEBUG_INFORMATION_FORMAT = "dwarf-with-dsym";
				GCC_C_LANGUAGE_STANDARD = gnu99;
				GCC_ENABLE_OBJC_EXCEPTIONS = YES;
				GCC_WARN_64_TO_32_BIT_CONVERSION = YES;
				GCC_WARN_ABOUT_RETURN_TYPE = YES;
				GCC_WARN_UNINITIALIZED_AUTOS = YES;
				GCC_WARN_UNUSED_VARIABLE = YES;
				MACOSX_DEPLOYMENT_TARGET = 10.7;
				OTHER_CFLAGS = "";
				OTHER_LDFLAGS = "";
				PRODUCT_NAME = "$(TARGET_NAME)";
				SDKROOT = macosx;
			};
			name = Release;
		};
/* End XCBuildConfiguration section */

/* Begin XCConfigurationList section */
		CE84443216A591090062C33A /* Build configuration list for PBXProject "ARCed" */ = {
			isa = XCConfigurationList;
			buildConfigurations = (
				CE84443416A591090062C33A /* Debug */,
				CE84443516A591090062C33A /* Release */,
			);
			defaultConfigurationIsVisible = 0;
			defaultConfigurationName = Release;
		};
		CE84444516A5A5EC0062C33A /* Build configuration list for PBXLegacyTarget "Python" */ = {
			isa = XCConfigurationList;
			buildConfigurations = (
				CE84444616A5A5EC0062C33A /* Debug */,
				CE84444716A5A5EC0062C33A /* Release */,
			);
			defaultConfigurationIsVisible = 0;
		};
/* End XCConfigurationList section */
	};
	rootObject = CE84442F16A591090062C33A /* Project object */;
}
