
Microsoft Visual Studio Solution File, Format Version 12.00
# Visual Studio Express 2012 for Windows Desktop
Project("{8BC9CEB8-8B4A-11D0-8D11-00A0C91BC942}") = "arc", "arc.vcxproj", "{E981D4B9-155F-496E-9C5D-3A6595A35CB8}"
	ProjectSection(ProjectDependencies) = postProject
		{2AAB8E59-CA6D-40F3-9006-547341626727} = {2AAB8E59-CA6D-40F3-9006-547341626727}
		{BD643E5E-72FF-4004-BD69-31DC02E5D417} = {BD643E5E-72FF-4004-BD69-31DC02E5D417}
		{58C3A996-27E7-485E-AE81-2025C3EC65BE} = {58C3A996-27E7-485E-AE81-2025C3EC65BE}
		{601BCB9E-AAF2-412E-8AEB-9FC77D0505D8} = {601BCB9E-AAF2-412E-8AEB-9FC77D0505D8}
		{56FF74D1-34D0-4DDB-8B89-F6F9200842B8} = {56FF74D1-34D0-4DDB-8B89-F6F9200842B8}
	EndProjectSection
EndProject
Project("{8BC9CEB8-8B4A-11D0-8D11-00A0C91BC942}") = "libapril", "lib\april\libapril.vcxproj", "{2D053CDA-686B-4B36-80EB-1DA5F0CEF8F9}"
	ProjectSection(ProjectDependencies) = postProject
		{019DBD2A-273D-4BA4-BF86-B5EFE2ED76B1} = {019DBD2A-273D-4BA4-BF86-B5EFE2ED76B1}
		{D6973076-9317-4EF2-A0B8-B7A18AC0713E} = {D6973076-9317-4EF2-A0B8-B7A18AC0713E}
	EndProjectSection
EndProject
Project("{8BC9CEB8-8B4A-11D0-8D11-00A0C91BC942}") = "libaprilui", "lib\aprilui\libaprilui.vcxproj", "{56FF74D1-34D0-4DDB-8B89-F6F9200842B8}"
	ProjectSection(ProjectDependencies) = postProject
		{601BCB9E-AAF2-412E-8AEB-9FC77D0505D8} = {601BCB9E-AAF2-412E-8AEB-9FC77D0505D8}
	EndProjectSection
EndProject
Project("{8BC9CEB8-8B4A-11D0-8D11-00A0C91BC942}") = "libatres", "lib\atres\libatres.vcxproj", "{A1E808A0-FE36-47FE-9E3B-CF195EA31F0A}"
	ProjectSection(ProjectDependencies) = postProject
		{9C043B29-DB40-48D5-97D8-1BC44128E3BA} = {9C043B29-DB40-48D5-97D8-1BC44128E3BA}
	EndProjectSection
EndProject
Project("{8BC9CEB8-8B4A-11D0-8D11-00A0C91BC942}") = "libgtypes", "lib\gtypes\libgtypes.vcxproj", "{9C043B29-DB40-48D5-97D8-1BC44128E3BA}"
EndProject
Project("{8BC9CEB8-8B4A-11D0-8D11-00A0C91BC942}") = "libhltypes", "lib\hltypes\libhltypes.vcxproj", "{E4D373BF-E227-48B9-99E6-84987E8674EC}"
EndProject
Project("{8BC9CEB8-8B4A-11D0-8D11-00A0C91BC942}") = "libxal", "lib\xal\libxal.vcxproj", "{6B6C070B-7DD7-41B9-8DD7-12AFBF0F6C08}"
	ProjectSection(ProjectDependencies) = postProject
		{3A214E06-B95E-4D61-A291-1F8DF2EC10FD} = {3A214E06-B95E-4D61-A291-1F8DF2EC10FD}
		{CEBDE98B-A6AA-46E6-BC79-FAAF823DB9EC} = {CEBDE98B-A6AA-46E6-BC79-FAAF823DB9EC}
		{15CBFEFF-7965-41F5-B4E2-21E8795C9159} = {15CBFEFF-7965-41F5-B4E2-21E8795C9159}
	EndProjectSection
EndProject
Project("{8BC9CEB8-8B4A-11D0-8D11-00A0C91BC942}") = "libreactor", "lib\reactor\libreactor.vcxproj", "{2AAB8E59-CA6D-40F3-9006-547341626727}"
	ProjectSection(ProjectDependencies) = postProject
		{6B6C070B-7DD7-41B9-8DD7-12AFBF0F6C08} = {6B6C070B-7DD7-41B9-8DD7-12AFBF0F6C08}
		{BD643E5E-72FF-4004-BD69-31DC02E5D417} = {BD643E5E-72FF-4004-BD69-31DC02E5D417}
		{58C3A996-27E7-485E-AE81-2025C3EC65BE} = {58C3A996-27E7-485E-AE81-2025C3EC65BE}
		{601BCB9E-AAF2-412E-8AEB-9FC77D0505D8} = {601BCB9E-AAF2-412E-8AEB-9FC77D0505D8}
		{56FF74D1-34D0-4DDB-8B89-F6F9200842B8} = {56FF74D1-34D0-4DDB-8B89-F6F9200842B8}
	EndProjectSection
EndProject
Project("{8BC9CEB8-8B4A-11D0-8D11-00A0C91BC942}") = "liblegacy", "lib\legacy\liblegacy.vcxproj", "{58C3A996-27E7-485E-AE81-2025C3EC65BE}"
	ProjectSection(ProjectDependencies) = postProject
		{6B6C070B-7DD7-41B9-8DD7-12AFBF0F6C08} = {6B6C070B-7DD7-41B9-8DD7-12AFBF0F6C08}
		{BD643E5E-72FF-4004-BD69-31DC02E5D417} = {BD643E5E-72FF-4004-BD69-31DC02E5D417}
	EndProjectSection
EndProject
Project("{8BC9CEB8-8B4A-11D0-8D11-00A0C91BC942}") = "libatresttf", "lib\atres\atresttf\libatresttf.vcxproj", "{BD643E5E-72FF-4004-BD69-31DC02E5D417}"
	ProjectSection(ProjectDependencies) = postProject
		{9C043B29-DB40-48D5-97D8-1BC44128E3BA} = {9C043B29-DB40-48D5-97D8-1BC44128E3BA}
		{A1E808A0-FE36-47FE-9E3B-CF195EA31F0A} = {A1E808A0-FE36-47FE-9E3B-CF195EA31F0A}
		{78B079BD-9FC7-4B9E-B4A6-96DA0F00248B} = {78B079BD-9FC7-4B9E-B4A6-96DA0F00248B}
		{2D053CDA-686B-4B36-80EB-1DA5F0CEF8F9} = {2D053CDA-686B-4B36-80EB-1DA5F0CEF8F9}
	EndProjectSection
EndProject
Project("{8BC9CEB8-8B4A-11D0-8D11-00A0C91BC942}") = "libhlxml", "lib\hltypes\hlxml\libhlxml.vcxproj", "{601BCB9E-AAF2-412E-8AEB-9FC77D0505D8}"
	ProjectSection(ProjectDependencies) = postProject
		{E4D373BF-E227-48B9-99E6-84987E8674EC} = {E4D373BF-E227-48B9-99E6-84987E8674EC}
		{C406DAEC-0886-4771-8DEA-9D7329B46CC1} = {C406DAEC-0886-4771-8DEA-9D7329B46CC1}
	EndProjectSection
EndProject
Project("{8BC9CEB8-8B4A-11D0-8D11-00A0C91BC942}") = "libfreetype", "lib\freetype\builds\win32\vc2012\libfreetype.vcxproj", "{78B079BD-9FC7-4B9E-B4A6-96DA0F00248B}"
EndProject
Project("{8BC9CEB8-8B4A-11D0-8D11-00A0C91BC942}") = "libjpeg", "lib\jpg\libjpeg.vcxproj", "{019DBD2A-273D-4BA4-BF86-B5EFE2ED76B1}"
EndProject
Project("{8BC9CEB8-8B4A-11D0-8D11-00A0C91BC942}") = "libogg", "lib\ogg\win32\VS2012\libogg_dynamic.vcxproj", "{15CBFEFF-7965-41F5-B4E2-21E8795C9159}"
EndProject
Project("{8BC9CEB8-8B4A-11D0-8D11-00A0C91BC942}") = "libpng", "lib\png\projects\vstudio11\libpng\libpng.vcxproj", "{D6973076-9317-4EF2-A0B8-B7A18AC0713E}"
	ProjectSection(ProjectDependencies) = postProject
		{60F89955-91C6-3A36-8000-13C592FEC2DF} = {60F89955-91C6-3A36-8000-13C592FEC2DF}
	EndProjectSection
EndProject
Project("{8BC9CEB8-8B4A-11D0-8D11-00A0C91BC942}") = "zlib", "lib\png\projects\vstudio11\zlib\zlib.vcxproj", "{60F89955-91C6-3A36-8000-13C592FEC2DF}"
EndProject
Project("{8BC9CEB8-8B4A-11D0-8D11-00A0C91BC942}") = "libtinyxml", "lib\tinyxml\libtinyxml.vcxproj", "{C406DAEC-0886-4771-8DEA-9D7329B46CC1}"
EndProject
Project("{8BC9CEB8-8B4A-11D0-8D11-00A0C91BC942}") = "libvorbis", "lib\vorbis\win32\VS2012\libvorbis\libvorbis_dynamic.vcxproj", "{3A214E06-B95E-4D61-A291-1F8DF2EC10FD}"
	ProjectSection(ProjectDependencies) = postProject
		{15CBFEFF-7965-41F5-B4E2-21E8795C9159} = {15CBFEFF-7965-41F5-B4E2-21E8795C9159}
	EndProjectSection
EndProject
Project("{8BC9CEB8-8B4A-11D0-8D11-00A0C91BC942}") = "libvorbisfile", "lib\vorbis\win32\VS2012\libvorbisfile\libvorbisfile_dynamic.vcxproj", "{CEBDE98B-A6AA-46E6-BC79-FAAF823DB9EC}"
	ProjectSection(ProjectDependencies) = postProject
		{15CBFEFF-7965-41F5-B4E2-21E8795C9159} = {15CBFEFF-7965-41F5-B4E2-21E8795C9159}
	EndProjectSection
EndProject
Global
	GlobalSection(SolutionConfigurationPlatforms) = preSolution
		Debug|Win32 = Debug|Win32
		Release_Legacy|Win32 = Release_Legacy|Win32
		Release|Win32 = Release|Win32
	EndGlobalSection
	GlobalSection(ProjectConfigurationPlatforms) = postSolution
		{E981D4B9-155F-496E-9C5D-3A6595A35CB8}.Debug|Win32.ActiveCfg = Debug|Win32
		{E981D4B9-155F-496E-9C5D-3A6595A35CB8}.Debug|Win32.Build.0 = Debug|Win32
		{E981D4B9-155F-496E-9C5D-3A6595A35CB8}.Release_Legacy|Win32.ActiveCfg = Release_Legacy|Win32
		{E981D4B9-155F-496E-9C5D-3A6595A35CB8}.Release_Legacy|Win32.Build.0 = Release_Legacy|Win32
		{E981D4B9-155F-496E-9C5D-3A6595A35CB8}.Release|Win32.ActiveCfg = Release|Win32
		{E981D4B9-155F-496E-9C5D-3A6595A35CB8}.Release|Win32.Build.0 = Release|Win32
		{2D053CDA-686B-4B36-80EB-1DA5F0CEF8F9}.Debug|Win32.ActiveCfg = Debug_DirectX9|Win32
		{2D053CDA-686B-4B36-80EB-1DA5F0CEF8F9}.Debug|Win32.Build.0 = Debug_DirectX9|Win32
		{2D053CDA-686B-4B36-80EB-1DA5F0CEF8F9}.Release_Legacy|Win32.ActiveCfg = Release_DirectX9|Win32
		{2D053CDA-686B-4B36-80EB-1DA5F0CEF8F9}.Release_Legacy|Win32.Build.0 = Release_DirectX9|Win32
		{2D053CDA-686B-4B36-80EB-1DA5F0CEF8F9}.Release|Win32.ActiveCfg = Release_DirectX9|Win32
		{2D053CDA-686B-4B36-80EB-1DA5F0CEF8F9}.Release|Win32.Build.0 = Release_DirectX9|Win32
		{56FF74D1-34D0-4DDB-8B89-F6F9200842B8}.Debug|Win32.ActiveCfg = Debug|Win32
		{56FF74D1-34D0-4DDB-8B89-F6F9200842B8}.Debug|Win32.Build.0 = Debug|Win32
		{56FF74D1-34D0-4DDB-8B89-F6F9200842B8}.Release_Legacy|Win32.ActiveCfg = Release|Win32
		{56FF74D1-34D0-4DDB-8B89-F6F9200842B8}.Release|Win32.ActiveCfg = Release|Win32
		{56FF74D1-34D0-4DDB-8B89-F6F9200842B8}.Release|Win32.Build.0 = Release|Win32
		{A1E808A0-FE36-47FE-9E3B-CF195EA31F0A}.Debug|Win32.ActiveCfg = Debug|Win32
		{A1E808A0-FE36-47FE-9E3B-CF195EA31F0A}.Debug|Win32.Build.0 = Debug|Win32
		{A1E808A0-FE36-47FE-9E3B-CF195EA31F0A}.Release_Legacy|Win32.ActiveCfg = Release|Win32
		{A1E808A0-FE36-47FE-9E3B-CF195EA31F0A}.Release_Legacy|Win32.Build.0 = Release|Win32
		{A1E808A0-FE36-47FE-9E3B-CF195EA31F0A}.Release|Win32.ActiveCfg = Release|Win32
		{A1E808A0-FE36-47FE-9E3B-CF195EA31F0A}.Release|Win32.Build.0 = Release|Win32
		{9C043B29-DB40-48D5-97D8-1BC44128E3BA}.Debug|Win32.ActiveCfg = Debug|Win32
		{9C043B29-DB40-48D5-97D8-1BC44128E3BA}.Debug|Win32.Build.0 = Debug|Win32
		{9C043B29-DB40-48D5-97D8-1BC44128E3BA}.Release_Legacy|Win32.ActiveCfg = Release|Win32
		{9C043B29-DB40-48D5-97D8-1BC44128E3BA}.Release_Legacy|Win32.Build.0 = Release|Win32
		{9C043B29-DB40-48D5-97D8-1BC44128E3BA}.Release|Win32.ActiveCfg = Release|Win32
		{9C043B29-DB40-48D5-97D8-1BC44128E3BA}.Release|Win32.Build.0 = Release|Win32
		{E4D373BF-E227-48B9-99E6-84987E8674EC}.Debug|Win32.ActiveCfg = Debug|Win32
		{E4D373BF-E227-48B9-99E6-84987E8674EC}.Debug|Win32.Build.0 = Debug|Win32
		{E4D373BF-E227-48B9-99E6-84987E8674EC}.Release_Legacy|Win32.ActiveCfg = Release|Win32
		{E4D373BF-E227-48B9-99E6-84987E8674EC}.Release_Legacy|Win32.Build.0 = Release|Win32
		{E4D373BF-E227-48B9-99E6-84987E8674EC}.Release|Win32.ActiveCfg = Release|Win32
		{E4D373BF-E227-48B9-99E6-84987E8674EC}.Release|Win32.Build.0 = Release|Win32
		{6B6C070B-7DD7-41B9-8DD7-12AFBF0F6C08}.Debug|Win32.ActiveCfg = Debug_DirectSound|Win32
		{6B6C070B-7DD7-41B9-8DD7-12AFBF0F6C08}.Debug|Win32.Build.0 = Debug_DirectSound|Win32
		{6B6C070B-7DD7-41B9-8DD7-12AFBF0F6C08}.Release_Legacy|Win32.ActiveCfg = Release_DirectSound|Win32
		{6B6C070B-7DD7-41B9-8DD7-12AFBF0F6C08}.Release_Legacy|Win32.Build.0 = Release_DirectSound|Win32
		{6B6C070B-7DD7-41B9-8DD7-12AFBF0F6C08}.Release|Win32.ActiveCfg = Release_DirectSound|Win32
		{6B6C070B-7DD7-41B9-8DD7-12AFBF0F6C08}.Release|Win32.Build.0 = Release_DirectSound|Win32
		{2AAB8E59-CA6D-40F3-9006-547341626727}.Debug|Win32.ActiveCfg = Debug|Win32
		{2AAB8E59-CA6D-40F3-9006-547341626727}.Debug|Win32.Build.0 = Debug|Win32
		{2AAB8E59-CA6D-40F3-9006-547341626727}.Release_Legacy|Win32.ActiveCfg = Release_Legacy|Win32
		{2AAB8E59-CA6D-40F3-9006-547341626727}.Release_Legacy|Win32.Build.0 = Release_Legacy|Win32
		{2AAB8E59-CA6D-40F3-9006-547341626727}.Release|Win32.ActiveCfg = Release|Win32
		{2AAB8E59-CA6D-40F3-9006-547341626727}.Release|Win32.Build.0 = Release|Win32
		{58C3A996-27E7-485E-AE81-2025C3EC65BE}.Debug|Win32.ActiveCfg = Debug|Win32
		{58C3A996-27E7-485E-AE81-2025C3EC65BE}.Debug|Win32.Build.0 = Debug|Win32
		{58C3A996-27E7-485E-AE81-2025C3EC65BE}.Release_Legacy|Win32.ActiveCfg = Release|Win32
		{58C3A996-27E7-485E-AE81-2025C3EC65BE}.Release_Legacy|Win32.Build.0 = Release|Win32
		{58C3A996-27E7-485E-AE81-2025C3EC65BE}.Release|Win32.ActiveCfg = Release|Win32
		{58C3A996-27E7-485E-AE81-2025C3EC65BE}.Release|Win32.Build.0 = Release|Win32
		{BD643E5E-72FF-4004-BD69-31DC02E5D417}.Debug|Win32.ActiveCfg = Debug|Win32
		{BD643E5E-72FF-4004-BD69-31DC02E5D417}.Debug|Win32.Build.0 = Debug|Win32
		{BD643E5E-72FF-4004-BD69-31DC02E5D417}.Release_Legacy|Win32.ActiveCfg = Release|Win32
		{BD643E5E-72FF-4004-BD69-31DC02E5D417}.Release_Legacy|Win32.Build.0 = Release|Win32
		{BD643E5E-72FF-4004-BD69-31DC02E5D417}.Release|Win32.ActiveCfg = Release|Win32
		{BD643E5E-72FF-4004-BD69-31DC02E5D417}.Release|Win32.Build.0 = Release|Win32
		{601BCB9E-AAF2-412E-8AEB-9FC77D0505D8}.Debug|Win32.ActiveCfg = Debug|Win32
		{601BCB9E-AAF2-412E-8AEB-9FC77D0505D8}.Debug|Win32.Build.0 = Debug|Win32
		{601BCB9E-AAF2-412E-8AEB-9FC77D0505D8}.Release_Legacy|Win32.ActiveCfg = Release|Win32
		{601BCB9E-AAF2-412E-8AEB-9FC77D0505D8}.Release_Legacy|Win32.Build.0 = Release|Win32
		{601BCB9E-AAF2-412E-8AEB-9FC77D0505D8}.Release|Win32.ActiveCfg = Release|Win32
		{601BCB9E-AAF2-412E-8AEB-9FC77D0505D8}.Release|Win32.Build.0 = Release|Win32
		{78B079BD-9FC7-4B9E-B4A6-96DA0F00248B}.Debug|Win32.ActiveCfg = Debug|Win32
		{78B079BD-9FC7-4B9E-B4A6-96DA0F00248B}.Debug|Win32.Build.0 = Debug|Win32
		{78B079BD-9FC7-4B9E-B4A6-96DA0F00248B}.Release_Legacy|Win32.ActiveCfg = Release Multithreaded|Win32
		{78B079BD-9FC7-4B9E-B4A6-96DA0F00248B}.Release_Legacy|Win32.Build.0 = Release Multithreaded|Win32
		{78B079BD-9FC7-4B9E-B4A6-96DA0F00248B}.Release|Win32.ActiveCfg = Release|Win32
		{78B079BD-9FC7-4B9E-B4A6-96DA0F00248B}.Release|Win32.Build.0 = Release|Win32
		{019DBD2A-273D-4BA4-BF86-B5EFE2ED76B1}.Debug|Win32.ActiveCfg = Debug|Win32
		{019DBD2A-273D-4BA4-BF86-B5EFE2ED76B1}.Debug|Win32.Build.0 = Debug|Win32
		{019DBD2A-273D-4BA4-BF86-B5EFE2ED76B1}.Release_Legacy|Win32.ActiveCfg = Release|Win32
		{019DBD2A-273D-4BA4-BF86-B5EFE2ED76B1}.Release_Legacy|Win32.Build.0 = Release|Win32
		{019DBD2A-273D-4BA4-BF86-B5EFE2ED76B1}.Release|Win32.ActiveCfg = Release|Win32
		{019DBD2A-273D-4BA4-BF86-B5EFE2ED76B1}.Release|Win32.Build.0 = Release|Win32
		{15CBFEFF-7965-41F5-B4E2-21E8795C9159}.Debug|Win32.ActiveCfg = Debug|Win32
		{15CBFEFF-7965-41F5-B4E2-21E8795C9159}.Debug|Win32.Build.0 = Debug|Win32
		{15CBFEFF-7965-41F5-B4E2-21E8795C9159}.Release_Legacy|Win32.ActiveCfg = Release|Win32
		{15CBFEFF-7965-41F5-B4E2-21E8795C9159}.Release_Legacy|Win32.Build.0 = Release|Win32
		{15CBFEFF-7965-41F5-B4E2-21E8795C9159}.Release|Win32.ActiveCfg = Release|Win32
		{15CBFEFF-7965-41F5-B4E2-21E8795C9159}.Release|Win32.Build.0 = Release|Win32
		{D6973076-9317-4EF2-A0B8-B7A18AC0713E}.Debug|Win32.ActiveCfg = Debug|Win32
		{D6973076-9317-4EF2-A0B8-B7A18AC0713E}.Debug|Win32.Build.0 = Debug|Win32
		{D6973076-9317-4EF2-A0B8-B7A18AC0713E}.Release_Legacy|Win32.ActiveCfg = Release|Win32
		{D6973076-9317-4EF2-A0B8-B7A18AC0713E}.Release_Legacy|Win32.Build.0 = Release|Win32
		{D6973076-9317-4EF2-A0B8-B7A18AC0713E}.Release|Win32.ActiveCfg = Release|Win32
		{D6973076-9317-4EF2-A0B8-B7A18AC0713E}.Release|Win32.Build.0 = Release|Win32
		{60F89955-91C6-3A36-8000-13C592FEC2DF}.Debug|Win32.ActiveCfg = Debug|Win32
		{60F89955-91C6-3A36-8000-13C592FEC2DF}.Debug|Win32.Build.0 = Debug|Win32
		{60F89955-91C6-3A36-8000-13C592FEC2DF}.Release_Legacy|Win32.ActiveCfg = Release|Win32
		{60F89955-91C6-3A36-8000-13C592FEC2DF}.Release_Legacy|Win32.Build.0 = Release|Win32
		{60F89955-91C6-3A36-8000-13C592FEC2DF}.Release|Win32.ActiveCfg = Release|Win32
		{60F89955-91C6-3A36-8000-13C592FEC2DF}.Release|Win32.Build.0 = Release|Win32
		{C406DAEC-0886-4771-8DEA-9D7329B46CC1}.Debug|Win32.ActiveCfg = Debug|Win32
		{C406DAEC-0886-4771-8DEA-9D7329B46CC1}.Debug|Win32.Build.0 = Debug|Win32
		{C406DAEC-0886-4771-8DEA-9D7329B46CC1}.Release_Legacy|Win32.ActiveCfg = Release|Win32
		{C406DAEC-0886-4771-8DEA-9D7329B46CC1}.Release_Legacy|Win32.Build.0 = Release|Win32
		{C406DAEC-0886-4771-8DEA-9D7329B46CC1}.Release|Win32.ActiveCfg = Release|Win32
		{C406DAEC-0886-4771-8DEA-9D7329B46CC1}.Release|Win32.Build.0 = Release|Win32
		{3A214E06-B95E-4D61-A291-1F8DF2EC10FD}.Debug|Win32.ActiveCfg = Debug|Win32
		{3A214E06-B95E-4D61-A291-1F8DF2EC10FD}.Debug|Win32.Build.0 = Debug|Win32
		{3A214E06-B95E-4D61-A291-1F8DF2EC10FD}.Release_Legacy|Win32.ActiveCfg = Release|Win32
		{3A214E06-B95E-4D61-A291-1F8DF2EC10FD}.Release_Legacy|Win32.Build.0 = Release|Win32
		{3A214E06-B95E-4D61-A291-1F8DF2EC10FD}.Release|Win32.ActiveCfg = Release|Win32
		{3A214E06-B95E-4D61-A291-1F8DF2EC10FD}.Release|Win32.Build.0 = Release|Win32
		{CEBDE98B-A6AA-46E6-BC79-FAAF823DB9EC}.Debug|Win32.ActiveCfg = Debug|Win32
		{CEBDE98B-A6AA-46E6-BC79-FAAF823DB9EC}.Debug|Win32.Build.0 = Debug|Win32
		{CEBDE98B-A6AA-46E6-BC79-FAAF823DB9EC}.Release_Legacy|Win32.ActiveCfg = Release|Win32
		{CEBDE98B-A6AA-46E6-BC79-FAAF823DB9EC}.Release_Legacy|Win32.Build.0 = Release|Win32
		{CEBDE98B-A6AA-46E6-BC79-FAAF823DB9EC}.Release|Win32.ActiveCfg = Release|Win32
		{CEBDE98B-A6AA-46E6-BC79-FAAF823DB9EC}.Release|Win32.Build.0 = Release|Win32
	EndGlobalSection
	GlobalSection(SolutionProperties) = preSolution
		HideSolutionNode = FALSE
	EndGlobalSection
EndGlobal
