
Microsoft Visual Studio Solution File, Format Version 12.00
# Visual Studio 2012
Project("{888888A0-9F3D-457C-B088-3A5042F75D52}") = "Welder", "Welder.pyproj", "{5AF6D2AB-4EA3-43C2-950A-DA29614E2BD5}"
EndProject
Global
	GlobalSection(SolutionConfigurationPlatforms) = preSolution
		Debug|Any CPU = Debug|Any CPU
		Release|Any CPU = Release|Any CPU
	EndGlobalSection
	GlobalSection(ProjectConfigurationPlatforms) = postSolution
		{5AF6D2AB-4EA3-43C2-950A-DA29614E2BD5}.Debug|Any CPU.ActiveCfg = Debug|Any CPU
		{5AF6D2AB-4EA3-43C2-950A-DA29614E2BD5}.Release|Any CPU.ActiveCfg = Release|Any CPU
	EndGlobalSection
	GlobalSection(SolutionProperties) = preSolution
		HideSolutionNode = FALSE
	EndGlobalSection
EndGlobal
