// !$*UTF8*$!
{
	archiveVersion = 1;
	classes = {
	};
	objectVersion = 46;
	objects = {

/* Begin PBXBuildFile section */
		D197C42F15ED025A0017452F /* adler32.c in Sources */ = {isa = PBXBuildFile; fileRef = D197C42615ED025A0017452F /* adler32.c */; };
		D197C43015ED025A0017452F /* adler32.c in Sources */ = {isa = PBXBuildFile; fileRef = D197C42615ED025A0017452F /* adler32.c */; };
		D197C43115ED025A0017452F /* crc32.c in Sources */ = {isa = PBXBuildFile; fileRef = D197C42715ED025A0017452F /* crc32.c */; };
		D197C43215ED025A0017452F /* crc32.c in Sources */ = {isa = PBXBuildFile; fileRef = D197C42715ED025A0017452F /* crc32.c */; };
		D197C43315ED025A0017452F /* deflate.c in Sources */ = {isa = PBXBuildFile; fileRef = D197C42815ED025A0017452F /* deflate.c */; };
		D197C43415ED025A0017452F /* deflate.c in Sources */ = {isa = PBXBuildFile; fileRef = D197C42815ED025A0017452F /* deflate.c */; };
		D197C43515ED025A0017452F /* infback.c in Sources */ = {isa = PBXBuildFile; fileRef = D197C42915ED025A0017452F /* infback.c */; };
		D197C43615ED025A0017452F /* infback.c in Sources */ = {isa = PBXBuildFile; fileRef = D197C42915ED025A0017452F /* infback.c */; };
		D197C43715ED025A0017452F /* inffast.c in Sources */ = {isa = PBXBuildFile; fileRef = D197C42A15ED025A0017452F /* inffast.c */; };
		D197C43815ED025A0017452F /* inffast.c in Sources */ = {isa = PBXBuildFile; fileRef = D197C42A15ED025A0017452F /* inffast.c */; };
		D197C43915ED025A0017452F /* inflate.c in Sources */ = {isa = PBXBuildFile; fileRef = D197C42B15ED025A0017452F /* inflate.c */; };
		D197C43A15ED025A0017452F /* inflate.c in Sources */ = {isa = PBXBuildFile; fileRef = D197C42B15ED025A0017452F /* inflate.c */; };
		D197C43B15ED025A0017452F /* inftrees.c in Sources */ = {isa = PBXBuildFile; fileRef = D197C42C15ED025A0017452F /* inftrees.c */; };
		D197C43C15ED025A0017452F /* inftrees.c in Sources */ = {isa = PBXBuildFile; fileRef = D197C42C15ED025A0017452F /* inftrees.c */; };
		D197C43D15ED025A0017452F /* trees.c in Sources */ = {isa = PBXBuildFile; fileRef = D197C42D15ED025A0017452F /* trees.c */; };
		D197C43E15ED025A0017452F /* trees.c in Sources */ = {isa = PBXBuildFile; fileRef = D197C42D15ED025A0017452F /* trees.c */; };
		D197C43F15ED025A0017452F /* zutil.c in Sources */ = {isa = PBXBuildFile; fileRef = D197C42E15ED025A0017452F /* zutil.c */; };
		D197C44015ED025A0017452F /* zutil.c in Sources */ = {isa = PBXBuildFile; fileRef = D197C42E15ED025A0017452F /* zutil.c */; };
		D197C45C15ED026F0017452F /* blast.h in Headers */ = {isa = PBXBuildFile; fileRef = D197C44115ED026F0017452F /* blast.h */; settings = {ATTRIBUTES = (Public, ); }; };
		D197C45D15ED026F0017452F /* crc32.h in Headers */ = {isa = PBXBuildFile; fileRef = D197C44215ED026F0017452F /* crc32.h */; settings = {ATTRIBUTES = (Public, ); }; };
		D197C45E15ED026F0017452F /* deflate.h in Headers */ = {isa = PBXBuildFile; fileRef = D197C44315ED026F0017452F /* deflate.h */; settings = {ATTRIBUTES = (Public, ); }; };
		D197C45F15ED026F0017452F /* gzguts.h in Headers */ = {isa = PBXBuildFile; fileRef = D197C44415ED026F0017452F /* gzguts.h */; settings = {ATTRIBUTES = (Public, ); }; };
		D197C46015ED026F0017452F /* gzlog.h in Headers */ = {isa = PBXBuildFile; fileRef = D197C44515ED026F0017452F /* gzlog.h */; settings = {ATTRIBUTES = (Public, ); }; };
		D197C46115ED026F0017452F /* inffast.h in Headers */ = {isa = PBXBuildFile; fileRef = D197C44615ED026F0017452F /* inffast.h */; settings = {ATTRIBUTES = (Public, ); }; };
		D197C46215ED026F0017452F /* inffixed.h in Headers */ = {isa = PBXBuildFile; fileRef = D197C44715ED026F0017452F /* inffixed.h */; settings = {ATTRIBUTES = (Public, ); }; };
		D197C46315ED026F0017452F /* inflate.h in Headers */ = {isa = PBXBuildFile; fileRef = D197C44815ED026F0017452F /* inflate.h */; settings = {ATTRIBUTES = (Public, ); }; };
		D197C46415ED026F0017452F /* inftrees.h in Headers */ = {isa = PBXBuildFile; fileRef = D197C44915ED026F0017452F /* inftrees.h */; settings = {ATTRIBUTES = (Public, ); }; };
		D197C46515ED026F0017452F /* puff.h in Headers */ = {isa = PBXBuildFile; fileRef = D197C44A15ED026F0017452F /* puff.h */; settings = {ATTRIBUTES = (Public, ); }; };
		D197C46615ED026F0017452F /* trees.h in Headers */ = {isa = PBXBuildFile; fileRef = D197C44B15ED026F0017452F /* trees.h */; settings = {ATTRIBUTES = (Public, ); }; };
		D197C46715ED026F0017452F /* zconf.h in Headers */ = {isa = PBXBuildFile; fileRef = D197C44C15ED026F0017452F /* zconf.h */; settings = {ATTRIBUTES = (Public, ); }; };
		D197C46915ED026F0017452F /* zlib.h in Headers */ = {isa = PBXBuildFile; fileRef = D197C44E15ED026F0017452F /* zlib.h */; settings = {ATTRIBUTES = (Public, ); }; };
		D197C46B15ED026F0017452F /* zutil.h in Headers */ = {isa = PBXBuildFile; fileRef = D197C45015ED026F0017452F /* zutil.h */; settings = {ATTRIBUTES = (Public, ); }; };
		D197C46C15ED026F0017452F /* crypt.h in Headers */ = {isa = PBXBuildFile; fileRef = D197C45115ED026F0017452F /* crypt.h */; settings = {ATTRIBUTES = (Public, ); }; };
		D197C46D15ED026F0017452F /* infback9.h in Headers */ = {isa = PBXBuildFile; fileRef = D197C45215ED026F0017452F /* infback9.h */; settings = {ATTRIBUTES = (Public, ); }; };
		D197C46E15ED026F0017452F /* inffix9.h in Headers */ = {isa = PBXBuildFile; fileRef = D197C45315ED026F0017452F /* inffix9.h */; settings = {ATTRIBUTES = (Public, ); }; };
		D197C46F15ED026F0017452F /* inflate9.h in Headers */ = {isa = PBXBuildFile; fileRef = D197C45415ED026F0017452F /* inflate9.h */; settings = {ATTRIBUTES = (Public, ); }; };
		D197C47015ED026F0017452F /* inftree9.h in Headers */ = {isa = PBXBuildFile; fileRef = D197C45515ED026F0017452F /* inftree9.h */; settings = {ATTRIBUTES = (Public, ); }; };
		D197C47115ED026F0017452F /* ioapi.h in Headers */ = {isa = PBXBuildFile; fileRef = D197C45615ED026F0017452F /* ioapi.h */; settings = {ATTRIBUTES = (Public, ); }; };
		D197C47215ED026F0017452F /* iowin32.h in Headers */ = {isa = PBXBuildFile; fileRef = D197C45715ED026F0017452F /* iowin32.h */; settings = {ATTRIBUTES = (Public, ); }; };
		D197C47315ED026F0017452F /* mztools.h in Headers */ = {isa = PBXBuildFile; fileRef = D197C45815ED026F0017452F /* mztools.h */; settings = {ATTRIBUTES = (Public, ); }; };
		D197C47415ED026F0017452F /* unzip.h in Headers */ = {isa = PBXBuildFile; fileRef = D197C45915ED026F0017452F /* unzip.h */; settings = {ATTRIBUTES = (Public, ); }; };
		D197C47515ED026F0017452F /* zfstream.h in Headers */ = {isa = PBXBuildFile; fileRef = D197C45A15ED026F0017452F /* zfstream.h */; settings = {ATTRIBUTES = (Public, ); }; };
		D197C47615ED026F0017452F /* zip.h in Headers */ = {isa = PBXBuildFile; fileRef = D197C45B15ED026F0017452F /* zip.h */; settings = {ATTRIBUTES = (Public, ); }; };
		D197C47D15ED02E40017452F /* compress.c in Sources */ = {isa = PBXBuildFile; fileRef = D197C47715ED02E40017452F /* compress.c */; };
		D197C47E15ED02E40017452F /* compress.c in Sources */ = {isa = PBXBuildFile; fileRef = D197C47715ED02E40017452F /* compress.c */; };
		D197C47F15ED02E40017452F /* gzclose.c in Sources */ = {isa = PBXBuildFile; fileRef = D197C47815ED02E40017452F /* gzclose.c */; };
		D197C48015ED02E40017452F /* gzclose.c in Sources */ = {isa = PBXBuildFile; fileRef = D197C47815ED02E40017452F /* gzclose.c */; };
		D197C48115ED02E40017452F /* gzlib.c in Sources */ = {isa = PBXBuildFile; fileRef = D197C47915ED02E40017452F /* gzlib.c */; };
		D197C48215ED02E40017452F /* gzlib.c in Sources */ = {isa = PBXBuildFile; fileRef = D197C47915ED02E40017452F /* gzlib.c */; };
		D197C48315ED02E40017452F /* gzread.c in Sources */ = {isa = PBXBuildFile; fileRef = D197C47A15ED02E40017452F /* gzread.c */; };
		D197C48415ED02E40017452F /* gzread.c in Sources */ = {isa = PBXBuildFile; fileRef = D197C47A15ED02E40017452F /* gzread.c */; };
		D197C48515ED02E40017452F /* gzwrite.c in Sources */ = {isa = PBXBuildFile; fileRef = D197C47B15ED02E40017452F /* gzwrite.c */; };
		D197C48615ED02E40017452F /* gzwrite.c in Sources */ = {isa = PBXBuildFile; fileRef = D197C47B15ED02E40017452F /* gzwrite.c */; };
		D197C48715ED02E40017452F /* uncompr.c in Sources */ = {isa = PBXBuildFile; fileRef = D197C47C15ED02E40017452F /* uncompr.c */; };
		D197C48815ED02E40017452F /* uncompr.c in Sources */ = {isa = PBXBuildFile; fileRef = D197C47C15ED02E40017452F /* uncompr.c */; };
		D1F2787F1779FFF000E5C131 /* adler32.c in Sources */ = {isa = PBXBuildFile; fileRef = D197C42615ED025A0017452F /* adler32.c */; };
		D1F278801779FFF000E5C131 /* crc32.c in Sources */ = {isa = PBXBuildFile; fileRef = D197C42715ED025A0017452F /* crc32.c */; };
		D1F278811779FFF000E5C131 /* deflate.c in Sources */ = {isa = PBXBuildFile; fileRef = D197C42815ED025A0017452F /* deflate.c */; };
		D1F278821779FFF000E5C131 /* infback.c in Sources */ = {isa = PBXBuildFile; fileRef = D197C42915ED025A0017452F /* infback.c */; };
		D1F278831779FFF000E5C131 /* inffast.c in Sources */ = {isa = PBXBuildFile; fileRef = D197C42A15ED025A0017452F /* inffast.c */; };
		D1F278841779FFF000E5C131 /* inflate.c in Sources */ = {isa = PBXBuildFile; fileRef = D197C42B15ED025A0017452F /* inflate.c */; };
		D1F278851779FFF000E5C131 /* inftrees.c in Sources */ = {isa = PBXBuildFile; fileRef = D197C42C15ED025A0017452F /* inftrees.c */; };
		D1F278861779FFF000E5C131 /* trees.c in Sources */ = {isa = PBXBuildFile; fileRef = D197C42D15ED025A0017452F /* trees.c */; };
		D1F278871779FFF000E5C131 /* zutil.c in Sources */ = {isa = PBXBuildFile; fileRef = D197C42E15ED025A0017452F /* zutil.c */; };
		D1F278881779FFF000E5C131 /* compress.c in Sources */ = {isa = PBXBuildFile; fileRef = D197C47715ED02E40017452F /* compress.c */; };
		D1F278891779FFF000E5C131 /* gzclose.c in Sources */ = {isa = PBXBuildFile; fileRef = D197C47815ED02E40017452F /* gzclose.c */; };
		D1F2788A1779FFF000E5C131 /* gzlib.c in Sources */ = {isa = PBXBuildFile; fileRef = D197C47915ED02E40017452F /* gzlib.c */; };
		D1F2788B1779FFF000E5C131 /* gzread.c in Sources */ = {isa = PBXBuildFile; fileRef = D197C47A15ED02E40017452F /* gzread.c */; };
		D1F2788C1779FFF000E5C131 /* gzwrite.c in Sources */ = {isa = PBXBuildFile; fileRef = D197C47B15ED02E40017452F /* gzwrite.c */; };
		D1F2788D1779FFF000E5C131 /* uncompr.c in Sources */ = {isa = PBXBuildFile; fileRef = D197C47C15ED02E40017452F /* uncompr.c */; };
/* End PBXBuildFile section */

/* Begin PBXFileReference section */
		8D07F2C70486CC7A007CD1D0 /* Info.plist */ = {isa = PBXFileReference; fileEncoding = 4; lastKnownFileType = text.plist; path = Info.plist; sourceTree = "<group>"; };
		8D07F2C80486CC7A007CD1D0 /* zlib.framework */ = {isa = PBXFileReference; explicitFileType = wrapper.framework; includeInIndex = 0; path = zlib.framework; sourceTree = BUILT_PRODUCTS_DIR; };
		D1681B7B18D763470088FC68 /* iOS.xcconfig */ = {isa = PBXFileReference; lastKnownFileType = text.xcconfig; name = iOS.xcconfig; path = ../xcconfig/iOS.xcconfig; sourceTree = "<group>"; };
		D1681B7C18D763470088FC68 /* Mac.xcconfig */ = {isa = PBXFileReference; lastKnownFileType = text.xcconfig; name = Mac.xcconfig; path = ../xcconfig/Mac.xcconfig; sourceTree = "<group>"; };
		D197C42615ED025A0017452F /* adler32.c */ = {isa = PBXFileReference; fileEncoding = 4; lastKnownFileType = sourcecode.c.c; name = adler32.c; path = ../adler32.c; sourceTree = "<group>"; };
		D197C42715ED025A0017452F /* crc32.c */ = {isa = PBXFileReference; fileEncoding = 4; lastKnownFileType = sourcecode.c.c; name = crc32.c; path = ../crc32.c; sourceTree = "<group>"; };
		D197C42815ED025A0017452F /* deflate.c */ = {isa = PBXFileReference; fileEncoding = 4; lastKnownFileType = sourcecode.c.c; name = deflate.c; path = ../deflate.c; sourceTree = "<group>"; };
		D197C42915ED025A0017452F /* infback.c */ = {isa = PBXFileReference; fileEncoding = 4; lastKnownFileType = sourcecode.c.c; name = infback.c; path = ../infback.c; sourceTree = "<group>"; };
		D197C42A15ED025A0017452F /* inffast.c */ = {isa = PBXFileReference; fileEncoding = 4; lastKnownFileType = sourcecode.c.c; name = inffast.c; path = ../inffast.c; sourceTree = "<group>"; };
		D197C42B15ED025A0017452F /* inflate.c */ = {isa = PBXFileReference; fileEncoding = 4; lastKnownFileType = sourcecode.c.c; name = inflate.c; path = ../inflate.c; sourceTree = "<group>"; };
		D197C42C15ED025A0017452F /* inftrees.c */ = {isa = PBXFileReference; fileEncoding = 4; lastKnownFileType = sourcecode.c.c; name = inftrees.c; path = ../inftrees.c; sourceTree = "<group>"; };
		D197C42D15ED025A0017452F /* trees.c */ = {isa = PBXFileReference; fileEncoding = 4; lastKnownFileType = sourcecode.c.c; name = trees.c; path = ../trees.c; sourceTree = "<group>"; };
		D197C42E15ED025A0017452F /* zutil.c */ = {isa = PBXFileReference; fileEncoding = 4; lastKnownFileType = sourcecode.c.c; name = zutil.c; path = ../zutil.c; sourceTree = "<group>"; };
		D197C44115ED026F0017452F /* blast.h */ = {isa = PBXFileReference; fileEncoding = 4; lastKnownFileType = sourcecode.c.h; name = blast.h; path = ../contrib/blast/blast.h; sourceTree = "<group>"; };
		D197C44215ED026F0017452F /* crc32.h */ = {isa = PBXFileReference; fileEncoding = 4; lastKnownFileType = sourcecode.c.h; name = crc32.h; path = ../crc32.h; sourceTree = "<group>"; };
		D197C44315ED026F0017452F /* deflate.h */ = {isa = PBXFileReference; fileEncoding = 4; lastKnownFileType = sourcecode.c.h; name = deflate.h; path = ../deflate.h; sourceTree = "<group>"; };
		D197C44415ED026F0017452F /* gzguts.h */ = {isa = PBXFileReference; fileEncoding = 4; lastKnownFileType = sourcecode.c.h; name = gzguts.h; path = ../gzguts.h; sourceTree = "<group>"; };
		D197C44515ED026F0017452F /* gzlog.h */ = {isa = PBXFileReference; fileEncoding = 4; lastKnownFileType = sourcecode.c.h; name = gzlog.h; path = ../examples/gzlog.h; sourceTree = "<group>"; };
		D197C44615ED026F0017452F /* inffast.h */ = {isa = PBXFileReference; fileEncoding = 4; lastKnownFileType = sourcecode.c.h; name = inffast.h; path = ../inffast.h; sourceTree = "<group>"; };
		D197C44715ED026F0017452F /* inffixed.h */ = {isa = PBXFileReference; fileEncoding = 4; lastKnownFileType = sourcecode.c.h; name = inffixed.h; path = ../inffixed.h; sourceTree = "<group>"; };
		D197C44815ED026F0017452F /* inflate.h */ = {isa = PBXFileReference; fileEncoding = 4; lastKnownFileType = sourcecode.c.h; name = inflate.h; path = ../inflate.h; sourceTree = "<group>"; };
		D197C44915ED026F0017452F /* inftrees.h */ = {isa = PBXFileReference; fileEncoding = 4; lastKnownFileType = sourcecode.c.h; name = inftrees.h; path = ../inftrees.h; sourceTree = "<group>"; };
		D197C44A15ED026F0017452F /* puff.h */ = {isa = PBXFileReference; fileEncoding = 4; lastKnownFileType = sourcecode.c.h; name = puff.h; path = ../contrib/puff/puff.h; sourceTree = "<group>"; };
		D197C44B15ED026F0017452F /* trees.h */ = {isa = PBXFileReference; fileEncoding = 4; lastKnownFileType = sourcecode.c.h; name = trees.h; path = ../trees.h; sourceTree = "<group>"; };
		D197C44C15ED026F0017452F /* zconf.h */ = {isa = PBXFileReference; fileEncoding = 4; lastKnownFileType = sourcecode.c.h; name = zconf.h; path = ../zconf.h; sourceTree = "<group>"; };
		D197C44D15ED026F0017452F /* zfstream.h */ = {isa = PBXFileReference; fileEncoding = 4; lastKnownFileType = sourcecode.c.h; name = zfstream.h; path = ../contrib/iostream3/zfstream.h; sourceTree = "<group>"; };
		D197C44E15ED026F0017452F /* zlib.h */ = {isa = PBXFileReference; fileEncoding = 4; lastKnownFileType = sourcecode.c.h; name = zlib.h; path = ../zlib.h; sourceTree = "<group>"; };
		D197C44F15ED026F0017452F /* zstream.h */ = {isa = PBXFileReference; fileEncoding = 4; lastKnownFileType = sourcecode.c.h; name = zstream.h; path = ../contrib/iostream2/zstream.h; sourceTree = "<group>"; };
		D197C45015ED026F0017452F /* zutil.h */ = {isa = PBXFileReference; fileEncoding = 4; lastKnownFileType = sourcecode.c.h; name = zutil.h; path = ../zutil.h; sourceTree = "<group>"; };
		D197C45115ED026F0017452F /* crypt.h */ = {isa = PBXFileReference; fileEncoding = 4; lastKnownFileType = sourcecode.c.h; name = crypt.h; path = ../contrib/minizip/crypt.h; sourceTree = "<group>"; };
		D197C45215ED026F0017452F /* infback9.h */ = {isa = PBXFileReference; fileEncoding = 4; lastKnownFileType = sourcecode.c.h; name = infback9.h; path = ../contrib/infback9/infback9.h; sourceTree = "<group>"; };
		D197C45315ED026F0017452F /* inffix9.h */ = {isa = PBXFileReference; fileEncoding = 4; lastKnownFileType = sourcecode.c.h; name = inffix9.h; path = ../contrib/infback9/inffix9.h; sourceTree = "<group>"; };
		D197C45415ED026F0017452F /* inflate9.h */ = {isa = PBXFileReference; fileEncoding = 4; lastKnownFileType = sourcecode.c.h; name = inflate9.h; path = ../contrib/infback9/inflate9.h; sourceTree = "<group>"; };
		D197C45515ED026F0017452F /* inftree9.h */ = {isa = PBXFileReference; fileEncoding = 4; lastKnownFileType = sourcecode.c.h; name = inftree9.h; path = ../contrib/infback9/inftree9.h; sourceTree = "<group>"; };
		D197C45615ED026F0017452F /* ioapi.h */ = {isa = PBXFileReference; fileEncoding = 4; lastKnownFileType = sourcecode.c.h; name = ioapi.h; path = ../contrib/minizip/ioapi.h; sourceTree = "<group>"; };
		D197C45715ED026F0017452F /* iowin32.h */ = {isa = PBXFileReference; fileEncoding = 4; lastKnownFileType = sourcecode.c.h; name = iowin32.h; path = ../contrib/minizip/iowin32.h; sourceTree = "<group>"; };
		D197C45815ED026F0017452F /* mztools.h */ = {isa = PBXFileReference; fileEncoding = 4; lastKnownFileType = sourcecode.c.h; name = mztools.h; path = ../contrib/minizip/mztools.h; sourceTree = "<group>"; };
		D197C45915ED026F0017452F /* unzip.h */ = {isa = PBXFileReference; fileEncoding = 4; lastKnownFileType = sourcecode.c.h; name = unzip.h; path = ../contrib/minizip/unzip.h; sourceTree = "<group>"; };
		D197C45A15ED026F0017452F /* zfstream.h */ = {isa = PBXFileReference; fileEncoding = 4; lastKnownFileType = sourcecode.c.h; name = zfstream.h; path = ../contrib/iostream/zfstream.h; sourceTree = "<group>"; };
		D197C45B15ED026F0017452F /* zip.h */ = {isa = PBXFileReference; fileEncoding = 4; lastKnownFileType = sourcecode.c.h; name = zip.h; path = ../contrib/minizip/zip.h; sourceTree = "<group>"; };
		D197C47715ED02E40017452F /* compress.c */ = {isa = PBXFileReference; fileEncoding = 4; lastKnownFileType = sourcecode.c.c; name = compress.c; path = ../compress.c; sourceTree = "<group>"; };
		D197C47815ED02E40017452F /* gzclose.c */ = {isa = PBXFileReference; fileEncoding = 4; lastKnownFileType = sourcecode.c.c; name = gzclose.c; path = ../gzclose.c; sourceTree = "<group>"; };
		D197C47915ED02E40017452F /* gzlib.c */ = {isa = PBXFileReference; fileEncoding = 4; lastKnownFileType = sourcecode.c.c; name = gzlib.c; path = ../gzlib.c; sourceTree = "<group>"; };
		D197C47A15ED02E40017452F /* gzread.c */ = {isa = PBXFileReference; fileEncoding = 4; lastKnownFileType = sourcecode.c.c; name = gzread.c; path = ../gzread.c; sourceTree = "<group>"; };
		D197C47B15ED02E40017452F /* gzwrite.c */ = {isa = PBXFileReference; fileEncoding = 4; lastKnownFileType = sourcecode.c.c; name = gzwrite.c; path = ../gzwrite.c; sourceTree = "<group>"; };
		D197C47C15ED02E40017452F /* uncompr.c */ = {isa = PBXFileReference; fileEncoding = 4; lastKnownFileType = sourcecode.c.c; name = uncompr.c; path = ../uncompr.c; sourceTree = "<group>"; };
		D1BB6F2E150E99EE00EF9400 /* libzlib.a */ = {isa = PBXFileReference; explicitFileType = archive.ar; includeInIndex = 0; path = libzlib.a; sourceTree = BUILT_PRODUCTS_DIR; };
		D1F278941779FFF000E5C131 /* libzlib.a */ = {isa = PBXFileReference; explicitFileType = archive.ar; includeInIndex = 0; path = libzlib.a; sourceTree = BUILT_PRODUCTS_DIR; };
/* End PBXFileReference section */

/* Begin PBXGroup section */
		034768DDFF38A45A11DB9C8B /* Products */ = {
			isa = PBXGroup;
			children = (
				8D07F2C80486CC7A007CD1D0 /* zlib.framework */,
				D1BB6F2E150E99EE00EF9400 /* libzlib.a */,
				D1F278941779FFF000E5C131 /* libzlib.a */,
			);
			name = Products;
			sourceTree = "<group>";
		};
		0867D691FE84028FC02AAC07 /* zlib */ = {
			isa = PBXGroup;
			children = (
				D1681B7A18D763350088FC68 /* config */,
				730F235F09181A3E00AB638C /* include */,
				08FB77ACFE841707C02AAC07 /* src */,
				089C1665FE841158C02AAC07 /* Resources */,
				034768DDFF38A45A11DB9C8B /* Products */,
			);
			name = zlib;
			sourceTree = "<group>";
		};
		089C1665FE841158C02AAC07 /* Resources */ = {
			isa = PBXGroup;
			children = (
			);
			name = Resources;
			sourceTree = "<group>";
		};
		08FB77ACFE841707C02AAC07 /* src */ = {
			isa = PBXGroup;
			children = (
				D197C42615ED025A0017452F /* adler32.c */,
				D197C42715ED025A0017452F /* crc32.c */,
				D197C42815ED025A0017452F /* deflate.c */,
				D197C42915ED025A0017452F /* infback.c */,
				D197C42A15ED025A0017452F /* inffast.c */,
				D197C42B15ED025A0017452F /* inflate.c */,
				D197C42C15ED025A0017452F /* inftrees.c */,
				D197C42D15ED025A0017452F /* trees.c */,
				D197C42E15ED025A0017452F /* zutil.c */,
				D197C47715ED02E40017452F /* compress.c */,
				D197C47815ED02E40017452F /* gzclose.c */,
				D197C47915ED02E40017452F /* gzlib.c */,
				D197C47A15ED02E40017452F /* gzread.c */,
				D197C47B15ED02E40017452F /* gzwrite.c */,
				D197C47C15ED02E40017452F /* uncompr.c */,
			);
			name = src;
			sourceTree = "<group>";
		};
		730F235F09181A3E00AB638C /* include */ = {
			isa = PBXGroup;
			children = (
				D197C44115ED026F0017452F /* blast.h */,
				D197C44215ED026F0017452F /* crc32.h */,
				D197C44315ED026F0017452F /* deflate.h */,
				D197C44415ED026F0017452F /* gzguts.h */,
				D197C44515ED026F0017452F /* gzlog.h */,
				D197C44615ED026F0017452F /* inffast.h */,
				D197C44715ED026F0017452F /* inffixed.h */,
				D197C44815ED026F0017452F /* inflate.h */,
				D197C44915ED026F0017452F /* inftrees.h */,
				D197C44A15ED026F0017452F /* puff.h */,
				D197C44B15ED026F0017452F /* trees.h */,
				D197C44C15ED026F0017452F /* zconf.h */,
				D197C44D15ED026F0017452F /* zfstream.h */,
				D197C44E15ED026F0017452F /* zlib.h */,
				D197C44F15ED026F0017452F /* zstream.h */,
				D197C45015ED026F0017452F /* zutil.h */,
				D197C45115ED026F0017452F /* crypt.h */,
				D197C45215ED026F0017452F /* infback9.h */,
				D197C45315ED026F0017452F /* inffix9.h */,
				D197C45415ED026F0017452F /* inflate9.h */,
				D197C45515ED026F0017452F /* inftree9.h */,
				D197C45615ED026F0017452F /* ioapi.h */,
				D197C45715ED026F0017452F /* iowin32.h */,
				D197C45815ED026F0017452F /* mztools.h */,
				D197C45915ED026F0017452F /* unzip.h */,
				D197C45A15ED026F0017452F /* zfstream.h */,
				D197C45B15ED026F0017452F /* zip.h */,
			);
			name = include;
			sourceTree = "<group>";
		};
		D1681B7A18D763350088FC68 /* config */ = {
			isa = PBXGroup;
			children = (
				D1681B7B18D763470088FC68 /* iOS.xcconfig */,
				D1681B7C18D763470088FC68 /* Mac.xcconfig */,
				8D07F2C70486CC7A007CD1D0 /* Info.plist */,
			);
			name = config;
			sourceTree = "<group>";
		};
/* End PBXGroup section */

/* Begin PBXHeadersBuildPhase section */
		8D07F2BD0486CC7A007CD1D0 /* Headers */ = {
			isa = PBXHeadersBuildPhase;
			buildActionMask = 2147483647;
			files = (
				D197C45C15ED026F0017452F /* blast.h in Headers */,
				D197C45D15ED026F0017452F /* crc32.h in Headers */,
				D197C45E15ED026F0017452F /* deflate.h in Headers */,
				D197C45F15ED026F0017452F /* gzguts.h in Headers */,
				D197C46015ED026F0017452F /* gzlog.h in Headers */,
				D197C46115ED026F0017452F /* inffast.h in Headers */,
				D197C46215ED026F0017452F /* inffixed.h in Headers */,
				D197C46315ED026F0017452F /* inflate.h in Headers */,
				D197C46415ED026F0017452F /* inftrees.h in Headers */,
				D197C46515ED026F0017452F /* puff.h in Headers */,
				D197C46615ED026F0017452F /* trees.h in Headers */,
				D197C46715ED026F0017452F /* zconf.h in Headers */,
				D197C46915ED026F0017452F /* zlib.h in Headers */,
				D197C46B15ED026F0017452F /* zutil.h in Headers */,
				D197C46C15ED026F0017452F /* crypt.h in Headers */,
				D197C46D15ED026F0017452F /* infback9.h in Headers */,
				D197C46E15ED026F0017452F /* inffix9.h in Headers */,
				D197C46F15ED026F0017452F /* inflate9.h in Headers */,
				D197C47015ED026F0017452F /* inftree9.h in Headers */,
				D197C47115ED026F0017452F /* ioapi.h in Headers */,
				D197C47215ED026F0017452F /* iowin32.h in Headers */,
				D197C47315ED026F0017452F /* mztools.h in Headers */,
				D197C47415ED026F0017452F /* unzip.h in Headers */,
				D197C47515ED026F0017452F /* zfstream.h in Headers */,
				D197C47615ED026F0017452F /* zip.h in Headers */,
			);
			runOnlyForDeploymentPostprocessing = 0;
		};
/* End PBXHeadersBuildPhase section */

/* Begin PBXNativeTarget section */
		8D07F2BC0486CC7A007CD1D0 /* zlib */ = {
			isa = PBXNativeTarget;
			buildConfigurationList = 730F235409181A3A00AB638C /* Build configuration list for PBXNativeTarget "zlib" */;
			buildPhases = (
				8D07F2C10486CC7A007CD1D0 /* Sources */,
				8D07F2BD0486CC7A007CD1D0 /* Headers */,
			);
			buildRules = (
			);
			dependencies = (
			);
			name = zlib;
			productInstallPath = "$(HOME)/Library/Frameworks";
			productName = zlib;
			productReference = 8D07F2C80486CC7A007CD1D0 /* zlib.framework */;
			productType = "com.apple.product-type.framework";
		};
		D1BB6F2D150E99EE00EF9400 /* zlib (iOS) */ = {
			isa = PBXNativeTarget;
			buildConfigurationList = D1BB6F3D150E99EE00EF9400 /* Build configuration list for PBXNativeTarget "zlib (iOS)" */;
			buildPhases = (
				D1BB6F2A150E99EE00EF9400 /* Sources */,
			);
			buildRules = (
			);
			dependencies = (
			);
			name = "zlib (iOS)";
			productName = libzlib;
			productReference = D1BB6F2E150E99EE00EF9400 /* libzlib.a */;
			productType = "com.apple.product-type.library.static";
		};
		D1F2787D1779FFF000E5C131 /* zlib (Mac) */ = {
			isa = PBXNativeTarget;
			buildConfigurationList = D1F2788E1779FFF000E5C131 /* Build configuration list for PBXNativeTarget "zlib (Mac)" */;
			buildPhases = (
				D1F2787E1779FFF000E5C131 /* Sources */,
			);
			buildRules = (
			);
			dependencies = (
			);
			name = "zlib (Mac)";
			productName = libzlib;
			productReference = D1F278941779FFF000E5C131 /* libzlib.a */;
			productType = "com.apple.product-type.library.static";
		};
/* End PBXNativeTarget section */

/* Begin PBXProject section */
		0867D690FE84028FC02AAC07 /* Project object */ = {
			isa = PBXProject;
			attributes = {
				LastUpgradeCheck = 0510;
			};
			buildConfigurationList = 730F235809181A3A00AB638C /* Build configuration list for PBXProject "zlib" */;
			compatibilityVersion = "Xcode 3.2";
			developmentRegion = English;
			hasScannedForEncodings = 1;
			knownRegions = (
				en,
			);
			mainGroup = 0867D691FE84028FC02AAC07 /* zlib */;
			productRefGroup = 034768DDFF38A45A11DB9C8B /* Products */;
			projectDirPath = "";
			projectRoot = "";
			targets = (
				8D07F2BC0486CC7A007CD1D0 /* zlib */,
				D1F2787D1779FFF000E5C131 /* zlib (Mac) */,
				D1BB6F2D150E99EE00EF9400 /* zlib (iOS) */,
			);
		};
/* End PBXProject section */

/* Begin PBXSourcesBuildPhase section */
		8D07F2C10486CC7A007CD1D0 /* Sources */ = {
			isa = PBXSourcesBuildPhase;
			buildActionMask = 2147483647;
			files = (
				D197C42F15ED025A0017452F /* adler32.c in Sources */,
				D197C43115ED025A0017452F /* crc32.c in Sources */,
				D197C43315ED025A0017452F /* deflate.c in Sources */,
				D197C43515ED025A0017452F /* infback.c in Sources */,
				D197C43715ED025A0017452F /* inffast.c in Sources */,
				D197C43915ED025A0017452F /* inflate.c in Sources */,
				D197C43B15ED025A0017452F /* inftrees.c in Sources */,
				D197C43D15ED025A0017452F /* trees.c in Sources */,
				D197C43F15ED025A0017452F /* zutil.c in Sources */,
				D197C47D15ED02E40017452F /* compress.c in Sources */,
				D197C47F15ED02E40017452F /* gzclose.c in Sources */,
				D197C48115ED02E40017452F /* gzlib.c in Sources */,
				D197C48315ED02E40017452F /* gzread.c in Sources */,
				D197C48515ED02E40017452F /* gzwrite.c in Sources */,
				D197C48715ED02E40017452F /* uncompr.c in Sources */,
			);
			runOnlyForDeploymentPostprocessing = 0;
		};
		D1BB6F2A150E99EE00EF9400 /* Sources */ = {
			isa = PBXSourcesBuildPhase;
			buildActionMask = 2147483647;
			files = (
				D197C43015ED025A0017452F /* adler32.c in Sources */,
				D197C43215ED025A0017452F /* crc32.c in Sources */,
				D197C43415ED025A0017452F /* deflate.c in Sources */,
				D197C43615ED025A0017452F /* infback.c in Sources */,
				D197C43815ED025A0017452F /* inffast.c in Sources */,
				D197C43A15ED025A0017452F /* inflate.c in Sources */,
				D197C43C15ED025A0017452F /* inftrees.c in Sources */,
				D197C43E15ED025A0017452F /* trees.c in Sources */,
				D197C44015ED025A0017452F /* zutil.c in Sources */,
				D197C47E15ED02E40017452F /* compress.c in Sources */,
				D197C48015ED02E40017452F /* gzclose.c in Sources */,
				D197C48215ED02E40017452F /* gzlib.c in Sources */,
				D197C48415ED02E40017452F /* gzread.c in Sources */,
				D197C48615ED02E40017452F /* gzwrite.c in Sources */,
				D197C48815ED02E40017452F /* uncompr.c in Sources */,
			);
			runOnlyForDeploymentPostprocessing = 0;
		};
		D1F2787E1779FFF000E5C131 /* Sources */ = {
			isa = PBXSourcesBuildPhase;
			buildActionMask = 2147483647;
			files = (
				D1F2787F1779FFF000E5C131 /* adler32.c in Sources */,
				D1F278801779FFF000E5C131 /* crc32.c in Sources */,
				D1F278811779FFF000E5C131 /* deflate.c in Sources */,
				D1F278821779FFF000E5C131 /* infback.c in Sources */,
				D1F278831779FFF000E5C131 /* inffast.c in Sources */,
				D1F278841779FFF000E5C131 /* inflate.c in Sources */,
				D1F278851779FFF000E5C131 /* inftrees.c in Sources */,
				D1F278861779FFF000E5C131 /* trees.c in Sources */,
				D1F278871779FFF000E5C131 /* zutil.c in Sources */,
				D1F278881779FFF000E5C131 /* compress.c in Sources */,
				D1F278891779FFF000E5C131 /* gzclose.c in Sources */,
				D1F2788A1779FFF000E5C131 /* gzlib.c in Sources */,
				D1F2788B1779FFF000E5C131 /* gzread.c in Sources */,
				D1F2788C1779FFF000E5C131 /* gzwrite.c in Sources */,
				D1F2788D1779FFF000E5C131 /* uncompr.c in Sources */,
			);
			runOnlyForDeploymentPostprocessing = 0;
		};
/* End PBXSourcesBuildPhase section */

/* Begin XCBuildConfiguration section */
		D186223114F9589A00639D7C /* App Store */ = {
			isa = XCBuildConfiguration;
			buildSettings = {
				GCC_GENERATE_DEBUGGING_SYMBOLS = NO;
				GCC_OPTIMIZATION_LEVEL = 3;
				GCC_PREPROCESSOR_DEFINITIONS = __MACOSX__;
				OTHER_CFLAGS = (
					"$(OTHER_CFLAGS)",
					"-ffast-math",
				);
				WARNING_CFLAGS = "-w";
			};
			name = "App Store";
		};
		D186223214F9589A00639D7C /* App Store */ = {
			isa = XCBuildConfiguration;
			baseConfigurationReference = D1681B7C18D763470088FC68 /* Mac.xcconfig */;
			buildSettings = {
				COPY_PHASE_STRIP = YES;
				INFOPLIST_FILE = Info.plist;
				LD_DYLIB_INSTALL_NAME = "@executable_path/../Frameworks/$(EXECUTABLE_PATH)";
				PRODUCT_NAME = zlib;
				SKIP_INSTALL = YES;
				WRAPPER_EXTENSION = framework;
			};
			name = "App Store";
		};
		D186223314F958A400639D7C /* Release */ = {
			isa = XCBuildConfiguration;
			buildSettings = {
				GCC_GENERATE_DEBUGGING_SYMBOLS = NO;
				GCC_OPTIMIZATION_LEVEL = 3;
				GCC_PREPROCESSOR_DEFINITIONS = __MACOSX__;
				OTHER_CFLAGS = (
					"$(OTHER_CFLAGS)",
					"-ffast-math",
				);
				WARNING_CFLAGS = "-w";
			};
			name = Release;
		};
		D186223414F958A400639D7C /* Release */ = {
			isa = XCBuildConfiguration;
			baseConfigurationReference = D1681B7C18D763470088FC68 /* Mac.xcconfig */;
			buildSettings = {
				COPY_PHASE_STRIP = YES;
				INFOPLIST_FILE = Info.plist;
				LD_DYLIB_INSTALL_NAME = "@executable_path/../Frameworks/$(EXECUTABLE_PATH)";
				PRODUCT_NAME = zlib;
				SKIP_INSTALL = YES;
				WRAPPER_EXTENSION = framework;
			};
			name = Release;
		};
		D186223514F958AA00639D7C /* Debug */ = {
			isa = XCBuildConfiguration;
			buildSettings = {
				GCC_OPTIMIZATION_LEVEL = 0;
				GCC_PREPROCESSOR_DEFINITIONS = __MACOSX__;
				ONLY_ACTIVE_ARCH = YES;
				WARNING_CFLAGS = "-w";
			};
			name = Debug;
		};
		D186223614F958AA00639D7C /* Debug */ = {
			isa = XCBuildConfiguration;
			baseConfigurationReference = D1681B7C18D763470088FC68 /* Mac.xcconfig */;
			buildSettings = {
				COPY_PHASE_STRIP = NO;
				GCC_DYNAMIC_NO_PIC = NO;
				INFOPLIST_FILE = Info.plist;
				LD_DYLIB_INSTALL_NAME = "@executable_path/../Frameworks/$(EXECUTABLE_PATH)";
				PRODUCT_NAME = zlib;
				SKIP_INSTALL = YES;
				WRAPPER_EXTENSION = framework;
			};
			name = Debug;
		};
		D1BB6F39150E99EE00EF9400 /* Debug */ = {
			isa = XCBuildConfiguration;
			baseConfigurationReference = D1681B7B18D763470088FC68 /* iOS.xcconfig */;
			buildSettings = {
				ALWAYS_SEARCH_USER_PATHS = NO;
				COPY_PHASE_STRIP = NO;
				FRAMEWORK_SEARCH_PATHS = (
					"$(inherited)",
					"\"$(SYSTEM_APPS_DIR)/Xcode.app/Contents/Developer/Library/Frameworks\"",
				);
				GCC_DYNAMIC_NO_PIC = NO;
				GCC_PREPROCESSOR_DEFINITIONS = (
					"DEBUG=1",
					"$(inherited)",
				);
				GCC_SYMBOLS_PRIVATE_EXTERN = NO;
				GCC_WARN_ABOUT_RETURN_TYPE = YES;
				GCC_WARN_UNUSED_VARIABLE = YES;
				PRODUCT_NAME = zlib;
				SKIP_INSTALL = YES;
				WARNING_CFLAGS = "-w";
			};
			name = Debug;
		};
		D1BB6F3B150E99EE00EF9400 /* Release */ = {
			isa = XCBuildConfiguration;
			baseConfigurationReference = D1681B7B18D763470088FC68 /* iOS.xcconfig */;
			buildSettings = {
				ALWAYS_SEARCH_USER_PATHS = NO;
				COPY_PHASE_STRIP = YES;
				FRAMEWORK_SEARCH_PATHS = (
					"$(inherited)",
					"\"$(SYSTEM_APPS_DIR)/Xcode.app/Contents/Developer/Library/Frameworks\"",
				);
				GCC_WARN_ABOUT_RETURN_TYPE = YES;
				GCC_WARN_UNUSED_VARIABLE = YES;
				PRODUCT_NAME = zlib;
				SKIP_INSTALL = YES;
				WARNING_CFLAGS = "-w";
			};
			name = Release;
		};
		D1BB6F3C150E99EE00EF9400 /* App Store */ = {
			isa = XCBuildConfiguration;
			baseConfigurationReference = D1681B7B18D763470088FC68 /* iOS.xcconfig */;
			buildSettings = {
				ALWAYS_SEARCH_USER_PATHS = NO;
				COPY_PHASE_STRIP = YES;
				FRAMEWORK_SEARCH_PATHS = (
					"$(inherited)",
					"\"$(SYSTEM_APPS_DIR)/Xcode.app/Contents/Developer/Library/Frameworks\"",
				);
				GCC_WARN_ABOUT_RETURN_TYPE = YES;
				GCC_WARN_UNUSED_VARIABLE = YES;
				PRODUCT_NAME = zlib;
				SKIP_INSTALL = YES;
				WARNING_CFLAGS = "-w";
			};
			name = "App Store";
		};
		D1F278901779FFF000E5C131 /* Debug */ = {
			isa = XCBuildConfiguration;
			baseConfigurationReference = D1681B7C18D763470088FC68 /* Mac.xcconfig */;
			buildSettings = {
				COPY_PHASE_STRIP = NO;
				GCC_DYNAMIC_NO_PIC = NO;
				GCC_SYMBOLS_PRIVATE_EXTERN = NO;
				GCC_WARN_ABOUT_RETURN_TYPE = YES;
				GCC_WARN_UNUSED_VARIABLE = YES;
				PRODUCT_NAME = zlib;
				SKIP_INSTALL = YES;
				WARNING_CFLAGS = "-w";
			};
			name = Debug;
		};
		D1F278921779FFF000E5C131 /* Release */ = {
			isa = XCBuildConfiguration;
			baseConfigurationReference = D1681B7C18D763470088FC68 /* Mac.xcconfig */;
			buildSettings = {
				COPY_PHASE_STRIP = YES;
				GCC_WARN_ABOUT_RETURN_TYPE = YES;
				GCC_WARN_UNUSED_VARIABLE = YES;
				PRODUCT_NAME = zlib;
				SKIP_INSTALL = YES;
				WARNING_CFLAGS = "-w";
			};
			name = Release;
		};
		D1F278931779FFF000E5C131 /* App Store */ = {
			isa = XCBuildConfiguration;
			baseConfigurationReference = D1681B7C18D763470088FC68 /* Mac.xcconfig */;
			buildSettings = {
				COPY_PHASE_STRIP = YES;
				GCC_WARN_ABOUT_RETURN_TYPE = YES;
				GCC_WARN_UNUSED_VARIABLE = YES;
				PRODUCT_NAME = zlib;
				SKIP_INSTALL = YES;
				WARNING_CFLAGS = "-w";
			};
			name = "App Store";
		};
/* End XCBuildConfiguration section */

/* Begin XCConfigurationList section */
		730F235409181A3A00AB638C /* Build configuration list for PBXNativeTarget "zlib" */ = {
			isa = XCConfigurationList;
			buildConfigurations = (
				D186223614F958AA00639D7C /* Debug */,
				D186223414F958A400639D7C /* Release */,
				D186223214F9589A00639D7C /* App Store */,
			);
			defaultConfigurationIsVisible = 0;
			defaultConfigurationName = Release;
		};
		730F235809181A3A00AB638C /* Build configuration list for PBXProject "zlib" */ = {
			isa = XCConfigurationList;
			buildConfigurations = (
				D186223514F958AA00639D7C /* Debug */,
				D186223314F958A400639D7C /* Release */,
				D186223114F9589A00639D7C /* App Store */,
			);
			defaultConfigurationIsVisible = 0;
			defaultConfigurationName = Release;
		};
		D1BB6F3D150E99EE00EF9400 /* Build configuration list for PBXNativeTarget "zlib (iOS)" */ = {
			isa = XCConfigurationList;
			buildConfigurations = (
				D1BB6F39150E99EE00EF9400 /* Debug */,
				D1BB6F3B150E99EE00EF9400 /* Release */,
				D1BB6F3C150E99EE00EF9400 /* App Store */,
			);
			defaultConfigurationIsVisible = 0;
			defaultConfigurationName = Release;
		};
		D1F2788E1779FFF000E5C131 /* Build configuration list for PBXNativeTarget "zlib (Mac)" */ = {
			isa = XCConfigurationList;
			buildConfigurations = (
				D1F278901779FFF000E5C131 /* Debug */,
				D1F278921779FFF000E5C131 /* Release */,
				D1F278931779FFF000E5C131 /* App Store */,
			);
			defaultConfigurationIsVisible = 0;
			defaultConfigurationName = Release;
		};
/* End XCConfigurationList section */
	};
	rootObject = 0867D690FE84028FC02AAC07 /* Project object */;
}
