// !$*UTF8*$!
{
	archiveVersion = 1;
	classes = {
	};
	objectVersion = 46;
	objects = {

/* Begin PBXBuildFile section */
		D197C54415ED04AB0017452F /* zip.framework in Frameworks */ = {isa = PBXBuildFile; fileRef = D197C54215ED04AB0017452F /* zip.framework */; };
		D197C54515ED04AB0017452F /* zlib.framework in Frameworks */ = {isa = PBXBuildFile; fileRef = D197C54315ED04AB0017452F /* zlib.framework */; };
		D197C55A15ED054B0017452F /* png.c in Sources */ = {isa = PBXBuildFile; fileRef = D197C54715ED054B0017452F /* png.c */; };
		D197C55B15ED054B0017452F /* png.c in Sources */ = {isa = PBXBuildFile; fileRef = D197C54715ED054B0017452F /* png.c */; };
		D197C55E15ED054B0017452F /* pngerror.c in Sources */ = {isa = PBXBuildFile; fileRef = D197C54915ED054B0017452F /* pngerror.c */; };
		D197C55F15ED054B0017452F /* pngerror.c in Sources */ = {isa = PBXBuildFile; fileRef = D197C54915ED054B0017452F /* pngerror.c */; };
		D197C56215ED054B0017452F /* pngget.c in Sources */ = {isa = PBXBuildFile; fileRef = D197C54B15ED054B0017452F /* pngget.c */; };
		D197C56315ED054B0017452F /* pngget.c in Sources */ = {isa = PBXBuildFile; fileRef = D197C54B15ED054B0017452F /* pngget.c */; };
		D197C56415ED054B0017452F /* pngmem.c in Sources */ = {isa = PBXBuildFile; fileRef = D197C54C15ED054B0017452F /* pngmem.c */; };
		D197C56515ED054B0017452F /* pngmem.c in Sources */ = {isa = PBXBuildFile; fileRef = D197C54C15ED054B0017452F /* pngmem.c */; };
		D197C56615ED054B0017452F /* pngpread.c in Sources */ = {isa = PBXBuildFile; fileRef = D197C54D15ED054B0017452F /* pngpread.c */; };
		D197C56715ED054B0017452F /* pngpread.c in Sources */ = {isa = PBXBuildFile; fileRef = D197C54D15ED054B0017452F /* pngpread.c */; };
		D197C56815ED054B0017452F /* pngread.c in Sources */ = {isa = PBXBuildFile; fileRef = D197C54E15ED054B0017452F /* pngread.c */; };
		D197C56915ED054B0017452F /* pngread.c in Sources */ = {isa = PBXBuildFile; fileRef = D197C54E15ED054B0017452F /* pngread.c */; };
		D197C56A15ED054B0017452F /* pngrio.c in Sources */ = {isa = PBXBuildFile; fileRef = D197C54F15ED054B0017452F /* pngrio.c */; };
		D197C56B15ED054B0017452F /* pngrio.c in Sources */ = {isa = PBXBuildFile; fileRef = D197C54F15ED054B0017452F /* pngrio.c */; };
		D197C56C15ED054B0017452F /* pngrtran.c in Sources */ = {isa = PBXBuildFile; fileRef = D197C55015ED054B0017452F /* pngrtran.c */; };
		D197C56D15ED054B0017452F /* pngrtran.c in Sources */ = {isa = PBXBuildFile; fileRef = D197C55015ED054B0017452F /* pngrtran.c */; };
		D197C56E15ED054B0017452F /* pngrutil.c in Sources */ = {isa = PBXBuildFile; fileRef = D197C55115ED054B0017452F /* pngrutil.c */; };
		D197C56F15ED054B0017452F /* pngrutil.c in Sources */ = {isa = PBXBuildFile; fileRef = D197C55115ED054B0017452F /* pngrutil.c */; };
		D197C57015ED054B0017452F /* pngset.c in Sources */ = {isa = PBXBuildFile; fileRef = D197C55215ED054B0017452F /* pngset.c */; };
		D197C57115ED054B0017452F /* pngset.c in Sources */ = {isa = PBXBuildFile; fileRef = D197C55215ED054B0017452F /* pngset.c */; };
		D197C57415ED054B0017452F /* pngtrans.c in Sources */ = {isa = PBXBuildFile; fileRef = D197C55415ED054B0017452F /* pngtrans.c */; };
		D197C57515ED054B0017452F /* pngtrans.c in Sources */ = {isa = PBXBuildFile; fileRef = D197C55415ED054B0017452F /* pngtrans.c */; };
		D197C57815ED054B0017452F /* pngwio.c in Sources */ = {isa = PBXBuildFile; fileRef = D197C55615ED054B0017452F /* pngwio.c */; };
		D197C57915ED054B0017452F /* pngwio.c in Sources */ = {isa = PBXBuildFile; fileRef = D197C55615ED054B0017452F /* pngwio.c */; };
		D197C57A15ED054B0017452F /* pngwrite.c in Sources */ = {isa = PBXBuildFile; fileRef = D197C55715ED054B0017452F /* pngwrite.c */; };
		D197C57B15ED054B0017452F /* pngwrite.c in Sources */ = {isa = PBXBuildFile; fileRef = D197C55715ED054B0017452F /* pngwrite.c */; };
		D197C57C15ED054B0017452F /* pngwtran.c in Sources */ = {isa = PBXBuildFile; fileRef = D197C55815ED054B0017452F /* pngwtran.c */; };
		D197C57D15ED054B0017452F /* pngwtran.c in Sources */ = {isa = PBXBuildFile; fileRef = D197C55815ED054B0017452F /* pngwtran.c */; };
		D197C57E15ED054B0017452F /* pngwutil.c in Sources */ = {isa = PBXBuildFile; fileRef = D197C55915ED054B0017452F /* pngwutil.c */; };
		D197C57F15ED054B0017452F /* pngwutil.c in Sources */ = {isa = PBXBuildFile; fileRef = D197C55915ED054B0017452F /* pngwutil.c */; };
		D197C59015ED05610017452F /* cexcept.h in Headers */ = {isa = PBXBuildFile; fileRef = D197C58015ED05610017452F /* cexcept.h */; settings = {ATTRIBUTES = (Public, ); }; };
		D197C59115ED05610017452F /* png.h in Headers */ = {isa = PBXBuildFile; fileRef = D197C58115ED05610017452F /* png.h */; settings = {ATTRIBUTES = (Public, ); }; };
		D197C59215ED05610017452F /* pngconf.h in Headers */ = {isa = PBXBuildFile; fileRef = D197C58215ED05610017452F /* pngconf.h */; settings = {ATTRIBUTES = (Public, ); }; };
		D197C59315ED05610017452F /* pngdebug.h in Headers */ = {isa = PBXBuildFile; fileRef = D197C58315ED05610017452F /* pngdebug.h */; settings = {ATTRIBUTES = (Public, ); }; };
		D197C59415ED05610017452F /* PngFile.h in Headers */ = {isa = PBXBuildFile; fileRef = D197C58415ED05610017452F /* PngFile.h */; settings = {ATTRIBUTES = (Public, ); }; };
		D197C59515ED05610017452F /* pnginfo.h in Headers */ = {isa = PBXBuildFile; fileRef = D197C58515ED05610017452F /* pnginfo.h */; settings = {ATTRIBUTES = (Public, ); }; };
		D197C59615ED05610017452F /* pnglibconf.h in Headers */ = {isa = PBXBuildFile; fileRef = D197C58615ED05610017452F /* pnglibconf.h */; settings = {ATTRIBUTES = (Public, ); }; };
		D197C59715ED05610017452F /* pngpriv.h in Headers */ = {isa = PBXBuildFile; fileRef = D197C58715ED05610017452F /* pngpriv.h */; settings = {ATTRIBUTES = (Public, ); }; };
		D197C59815ED05610017452F /* pngstruct.h in Headers */ = {isa = PBXBuildFile; fileRef = D197C58815ED05610017452F /* pngstruct.h */; settings = {ATTRIBUTES = (Public, ); }; };
		D197C59915ED05610017452F /* pngusr.h in Headers */ = {isa = PBXBuildFile; fileRef = D197C58915ED05610017452F /* pngusr.h */; settings = {ATTRIBUTES = (Public, ); }; };
		D197C59C15ED05610017452F /* readpng.h in Headers */ = {isa = PBXBuildFile; fileRef = D197C58C15ED05610017452F /* readpng.h */; settings = {ATTRIBUTES = (Public, ); }; };
		D197C59D15ED05610017452F /* readpng2.h in Headers */ = {isa = PBXBuildFile; fileRef = D197C58D15ED05610017452F /* readpng2.h */; settings = {ATTRIBUTES = (Public, ); }; };
		D197C59E15ED05610017452F /* resource.h in Headers */ = {isa = PBXBuildFile; fileRef = D197C58E15ED05610017452F /* resource.h */; settings = {ATTRIBUTES = (Public, ); }; };
		D197C59F15ED05610017452F /* writepng.h in Headers */ = {isa = PBXBuildFile; fileRef = D197C58F15ED05610017452F /* writepng.h */; settings = {ATTRIBUTES = (Public, ); }; };
		D1F27938177A295D00E5C131 /* png.c in Sources */ = {isa = PBXBuildFile; fileRef = D197C54715ED054B0017452F /* png.c */; };
		D1F27939177A295D00E5C131 /* pngerror.c in Sources */ = {isa = PBXBuildFile; fileRef = D197C54915ED054B0017452F /* pngerror.c */; };
		D1F2793A177A295D00E5C131 /* pngget.c in Sources */ = {isa = PBXBuildFile; fileRef = D197C54B15ED054B0017452F /* pngget.c */; };
		D1F2793B177A295D00E5C131 /* pngmem.c in Sources */ = {isa = PBXBuildFile; fileRef = D197C54C15ED054B0017452F /* pngmem.c */; };
		D1F2793C177A295D00E5C131 /* pngpread.c in Sources */ = {isa = PBXBuildFile; fileRef = D197C54D15ED054B0017452F /* pngpread.c */; };
		D1F2793D177A295D00E5C131 /* pngread.c in Sources */ = {isa = PBXBuildFile; fileRef = D197C54E15ED054B0017452F /* pngread.c */; };
		D1F2793E177A295D00E5C131 /* pngrio.c in Sources */ = {isa = PBXBuildFile; fileRef = D197C54F15ED054B0017452F /* pngrio.c */; };
		D1F2793F177A295D00E5C131 /* pngrtran.c in Sources */ = {isa = PBXBuildFile; fileRef = D197C55015ED054B0017452F /* pngrtran.c */; };
		D1F27940177A295D00E5C131 /* pngrutil.c in Sources */ = {isa = PBXBuildFile; fileRef = D197C55115ED054B0017452F /* pngrutil.c */; };
		D1F27941177A295D00E5C131 /* pngset.c in Sources */ = {isa = PBXBuildFile; fileRef = D197C55215ED054B0017452F /* pngset.c */; };
		D1F27942177A295D00E5C131 /* pngtrans.c in Sources */ = {isa = PBXBuildFile; fileRef = D197C55415ED054B0017452F /* pngtrans.c */; };
		D1F27943177A295D00E5C131 /* pngwio.c in Sources */ = {isa = PBXBuildFile; fileRef = D197C55615ED054B0017452F /* pngwio.c */; };
		D1F27944177A295D00E5C131 /* pngwrite.c in Sources */ = {isa = PBXBuildFile; fileRef = D197C55715ED054B0017452F /* pngwrite.c */; };
		D1F27945177A295D00E5C131 /* pngwtran.c in Sources */ = {isa = PBXBuildFile; fileRef = D197C55815ED054B0017452F /* pngwtran.c */; };
		D1F27946177A295D00E5C131 /* pngwutil.c in Sources */ = {isa = PBXBuildFile; fileRef = D197C55915ED054B0017452F /* pngwutil.c */; };
/* End PBXBuildFile section */

/* Begin PBXFileReference section */
		8D07F2C70486CC7A007CD1D0 /* Info.plist */ = {isa = PBXFileReference; fileEncoding = 4; lastKnownFileType = text.plist; path = Info.plist; sourceTree = "<group>"; };
		8D07F2C80486CC7A007CD1D0 /* png.framework */ = {isa = PBXFileReference; explicitFileType = wrapper.framework; includeInIndex = 0; path = png.framework; sourceTree = BUILT_PRODUCTS_DIR; };
		D1681B8418D764220088FC68 /* iOS.xcconfig */ = {isa = PBXFileReference; lastKnownFileType = text.xcconfig; name = iOS.xcconfig; path = ../../xcconfig/iOS.xcconfig; sourceTree = "<group>"; };
		D1681B8518D764220088FC68 /* Mac.xcconfig */ = {isa = PBXFileReference; lastKnownFileType = text.xcconfig; name = Mac.xcconfig; path = ../../xcconfig/Mac.xcconfig; sourceTree = "<group>"; };
		D197C54215ED04AB0017452F /* zip.framework */ = {isa = PBXFileReference; lastKnownFileType = wrapper.framework; name = zip.framework; path = ../../../../__build__/products/Debug/zip.framework; sourceTree = "<group>"; };
		D197C54315ED04AB0017452F /* zlib.framework */ = {isa = PBXFileReference; lastKnownFileType = wrapper.framework; name = zlib.framework; path = ../../../../__build__/products/Debug/zlib.framework; sourceTree = "<group>"; };
		D197C54715ED054B0017452F /* png.c */ = {isa = PBXFileReference; fileEncoding = 4; lastKnownFileType = sourcecode.c.c; name = png.c; path = ../../png.c; sourceTree = "<group>"; };
		D197C54915ED054B0017452F /* pngerror.c */ = {isa = PBXFileReference; fileEncoding = 4; lastKnownFileType = sourcecode.c.c; name = pngerror.c; path = ../../pngerror.c; sourceTree = "<group>"; };
		D197C54B15ED054B0017452F /* pngget.c */ = {isa = PBXFileReference; fileEncoding = 4; lastKnownFileType = sourcecode.c.c; name = pngget.c; path = ../../pngget.c; sourceTree = "<group>"; };
		D197C54C15ED054B0017452F /* pngmem.c */ = {isa = PBXFileReference; fileEncoding = 4; lastKnownFileType = sourcecode.c.c; name = pngmem.c; path = ../../pngmem.c; sourceTree = "<group>"; };
		D197C54D15ED054B0017452F /* pngpread.c */ = {isa = PBXFileReference; fileEncoding = 4; lastKnownFileType = sourcecode.c.c; name = pngpread.c; path = ../../pngpread.c; sourceTree = "<group>"; };
		D197C54E15ED054B0017452F /* pngread.c */ = {isa = PBXFileReference; fileEncoding = 4; lastKnownFileType = sourcecode.c.c; name = pngread.c; path = ../../pngread.c; sourceTree = "<group>"; };
		D197C54F15ED054B0017452F /* pngrio.c */ = {isa = PBXFileReference; fileEncoding = 4; lastKnownFileType = sourcecode.c.c; name = pngrio.c; path = ../../pngrio.c; sourceTree = "<group>"; };
		D197C55015ED054B0017452F /* pngrtran.c */ = {isa = PBXFileReference; fileEncoding = 4; lastKnownFileType = sourcecode.c.c; name = pngrtran.c; path = ../../pngrtran.c; sourceTree = "<group>"; };
		D197C55115ED054B0017452F /* pngrutil.c */ = {isa = PBXFileReference; fileEncoding = 4; lastKnownFileType = sourcecode.c.c; name = pngrutil.c; path = ../../pngrutil.c; sourceTree = "<group>"; };
		D197C55215ED054B0017452F /* pngset.c */ = {isa = PBXFileReference; fileEncoding = 4; lastKnownFileType = sourcecode.c.c; name = pngset.c; path = ../../pngset.c; sourceTree = "<group>"; };
		D197C55415ED054B0017452F /* pngtrans.c */ = {isa = PBXFileReference; fileEncoding = 4; lastKnownFileType = sourcecode.c.c; name = pngtrans.c; path = ../../pngtrans.c; sourceTree = "<group>"; };
		D197C55615ED054B0017452F /* pngwio.c */ = {isa = PBXFileReference; fileEncoding = 4; lastKnownFileType = sourcecode.c.c; name = pngwio.c; path = ../../pngwio.c; sourceTree = "<group>"; };
		D197C55715ED054B0017452F /* pngwrite.c */ = {isa = PBXFileReference; fileEncoding = 4; lastKnownFileType = sourcecode.c.c; name = pngwrite.c; path = ../../pngwrite.c; sourceTree = "<group>"; };
		D197C55815ED054B0017452F /* pngwtran.c */ = {isa = PBXFileReference; fileEncoding = 4; lastKnownFileType = sourcecode.c.c; name = pngwtran.c; path = ../../pngwtran.c; sourceTree = "<group>"; };
		D197C55915ED054B0017452F /* pngwutil.c */ = {isa = PBXFileReference; fileEncoding = 4; lastKnownFileType = sourcecode.c.c; name = pngwutil.c; path = ../../pngwutil.c; sourceTree = "<group>"; };
		D197C58015ED05610017452F /* cexcept.h */ = {isa = PBXFileReference; fileEncoding = 4; lastKnownFileType = sourcecode.c.h; name = cexcept.h; path = ../../contrib/visupng/cexcept.h; sourceTree = "<group>"; };
		D197C58115ED05610017452F /* png.h */ = {isa = PBXFileReference; fileEncoding = 4; lastKnownFileType = sourcecode.c.h; name = png.h; path = ../../png.h; sourceTree = "<group>"; };
		D197C58215ED05610017452F /* pngconf.h */ = {isa = PBXFileReference; fileEncoding = 4; lastKnownFileType = sourcecode.c.h; name = pngconf.h; path = ../../pngconf.h; sourceTree = "<group>"; };
		D197C58315ED05610017452F /* pngdebug.h */ = {isa = PBXFileReference; fileEncoding = 4; lastKnownFileType = sourcecode.c.h; name = pngdebug.h; path = ../../pngdebug.h; sourceTree = "<group>"; };
		D197C58415ED05610017452F /* PngFile.h */ = {isa = PBXFileReference; fileEncoding = 4; lastKnownFileType = sourcecode.c.h; name = PngFile.h; path = ../../contrib/visupng/PngFile.h; sourceTree = "<group>"; };
		D197C58515ED05610017452F /* pnginfo.h */ = {isa = PBXFileReference; fileEncoding = 4; lastKnownFileType = sourcecode.c.h; name = pnginfo.h; path = ../../pnginfo.h; sourceTree = "<group>"; };
		D197C58615ED05610017452F /* pnglibconf.h */ = {isa = PBXFileReference; fileEncoding = 4; lastKnownFileType = sourcecode.c.h; name = pnglibconf.h; path = ../../pnglibconf.h; sourceTree = "<group>"; };
		D197C58715ED05610017452F /* pngpriv.h */ = {isa = PBXFileReference; fileEncoding = 4; lastKnownFileType = sourcecode.c.h; name = pngpriv.h; path = ../../pngpriv.h; sourceTree = "<group>"; };
		D197C58815ED05610017452F /* pngstruct.h */ = {isa = PBXFileReference; fileEncoding = 4; lastKnownFileType = sourcecode.c.h; name = pngstruct.h; path = ../../pngstruct.h; sourceTree = "<group>"; };
		D197C58915ED05610017452F /* pngusr.h */ = {isa = PBXFileReference; fileEncoding = 4; lastKnownFileType = sourcecode.c.h; name = pngusr.h; path = ../../contrib/pngminim/decoder/pngusr.h; sourceTree = "<group>"; };
		D197C58A15ED05610017452F /* pngusr.h */ = {isa = PBXFileReference; fileEncoding = 4; lastKnownFileType = sourcecode.c.h; name = pngusr.h; path = ../../contrib/pngminim/preader/pngusr.h; sourceTree = "<group>"; };
		D197C58B15ED05610017452F /* pngusr.h */ = {isa = PBXFileReference; fileEncoding = 4; lastKnownFileType = sourcecode.c.h; name = pngusr.h; path = ../../contrib/pngminim/encoder/pngusr.h; sourceTree = "<group>"; };
		D197C58C15ED05610017452F /* readpng.h */ = {isa = PBXFileReference; fileEncoding = 4; lastKnownFileType = sourcecode.c.h; name = readpng.h; path = ../../contrib/gregbook/readpng.h; sourceTree = "<group>"; };
		D197C58D15ED05610017452F /* readpng2.h */ = {isa = PBXFileReference; fileEncoding = 4; lastKnownFileType = sourcecode.c.h; name = readpng2.h; path = ../../contrib/gregbook/readpng2.h; sourceTree = "<group>"; };
		D197C58E15ED05610017452F /* resource.h */ = {isa = PBXFileReference; fileEncoding = 4; lastKnownFileType = sourcecode.c.h; name = resource.h; path = ../../contrib/visupng/resource.h; sourceTree = "<group>"; };
		D197C58F15ED05610017452F /* writepng.h */ = {isa = PBXFileReference; fileEncoding = 4; lastKnownFileType = sourcecode.c.h; name = writepng.h; path = ../../contrib/gregbook/writepng.h; sourceTree = "<group>"; };
		D1BB6F2E150E99EE00EF9400 /* libpng.a */ = {isa = PBXFileReference; explicitFileType = archive.ar; includeInIndex = 0; path = libpng.a; sourceTree = BUILT_PRODUCTS_DIR; };
		D1F2794E177A295D00E5C131 /* libpng.a */ = {isa = PBXFileReference; explicitFileType = archive.ar; includeInIndex = 0; path = libpng.a; sourceTree = BUILT_PRODUCTS_DIR; };
/* End PBXFileReference section */

/* Begin PBXFrameworksBuildPhase section */
		8D07F2C30486CC7A007CD1D0 /* Frameworks */ = {
			isa = PBXFrameworksBuildPhase;
			buildActionMask = 2147483647;
			files = (
				D197C54415ED04AB0017452F /* zip.framework in Frameworks */,
				D197C54515ED04AB0017452F /* zlib.framework in Frameworks */,
			);
			runOnlyForDeploymentPostprocessing = 0;
		};
		D1BB6F2B150E99EE00EF9400 /* Frameworks */ = {
			isa = PBXFrameworksBuildPhase;
			buildActionMask = 2147483647;
			files = (
			);
			runOnlyForDeploymentPostprocessing = 0;
		};
		D1F27947177A295D00E5C131 /* Frameworks */ = {
			isa = PBXFrameworksBuildPhase;
			buildActionMask = 2147483647;
			files = (
			);
			runOnlyForDeploymentPostprocessing = 0;
		};
/* End PBXFrameworksBuildPhase section */

/* Begin PBXGroup section */
		034768DDFF38A45A11DB9C8B /* Products */ = {
			isa = PBXGroup;
			children = (
				8D07F2C80486CC7A007CD1D0 /* png.framework */,
				D1BB6F2E150E99EE00EF9400 /* libpng.a */,
				D1F2794E177A295D00E5C131 /* libpng.a */,
			);
			name = Products;
			sourceTree = "<group>";
		};
		0867D691FE84028FC02AAC07 /* png */ = {
			isa = PBXGroup;
			children = (
				D1681B8318D764100088FC68 /* config */,
				730F235F09181A3E00AB638C /* include */,
				08FB77ACFE841707C02AAC07 /* src */,
				D197C54615ED04AE0017452F /* Frameworks */,
				089C1665FE841158C02AAC07 /* Resources */,
				034768DDFF38A45A11DB9C8B /* Products */,
			);
			name = png;
			sourceTree = "<group>";
		};
		089C1665FE841158C02AAC07 /* Resources */ = {
			isa = PBXGroup;
			children = (
			);
			name = Resources;
			sourceTree = "<group>";
		};
		08FB77ACFE841707C02AAC07 /* src */ = {
			isa = PBXGroup;
			children = (
				D197C54715ED054B0017452F /* png.c */,
				D197C54915ED054B0017452F /* pngerror.c */,
				D197C54B15ED054B0017452F /* pngget.c */,
				D197C54C15ED054B0017452F /* pngmem.c */,
				D197C54D15ED054B0017452F /* pngpread.c */,
				D197C54E15ED054B0017452F /* pngread.c */,
				D197C54F15ED054B0017452F /* pngrio.c */,
				D197C55015ED054B0017452F /* pngrtran.c */,
				D197C55115ED054B0017452F /* pngrutil.c */,
				D197C55215ED054B0017452F /* pngset.c */,
				D197C55415ED054B0017452F /* pngtrans.c */,
				D197C55615ED054B0017452F /* pngwio.c */,
				D197C55715ED054B0017452F /* pngwrite.c */,
				D197C55815ED054B0017452F /* pngwtran.c */,
				D197C55915ED054B0017452F /* pngwutil.c */,
			);
			name = src;
			sourceTree = "<group>";
		};
		730F235F09181A3E00AB638C /* include */ = {
			isa = PBXGroup;
			children = (
				D197C58015ED05610017452F /* cexcept.h */,
				D197C58115ED05610017452F /* png.h */,
				D197C58215ED05610017452F /* pngconf.h */,
				D197C58315ED05610017452F /* pngdebug.h */,
				D197C58415ED05610017452F /* PngFile.h */,
				D197C58515ED05610017452F /* pnginfo.h */,
				D197C58615ED05610017452F /* pnglibconf.h */,
				D197C58715ED05610017452F /* pngpriv.h */,
				D197C58815ED05610017452F /* pngstruct.h */,
				D197C58915ED05610017452F /* pngusr.h */,
				D197C58A15ED05610017452F /* pngusr.h */,
				D197C58B15ED05610017452F /* pngusr.h */,
				D197C58C15ED05610017452F /* readpng.h */,
				D197C58D15ED05610017452F /* readpng2.h */,
				D197C58E15ED05610017452F /* resource.h */,
				D197C58F15ED05610017452F /* writepng.h */,
			);
			name = include;
			sourceTree = "<group>";
		};
		D1681B8318D764100088FC68 /* config */ = {
			isa = PBXGroup;
			children = (
				D1681B8418D764220088FC68 /* iOS.xcconfig */,
				D1681B8518D764220088FC68 /* Mac.xcconfig */,
				8D07F2C70486CC7A007CD1D0 /* Info.plist */,
			);
			name = config;
			sourceTree = "<group>";
		};
		D197C54615ED04AE0017452F /* Frameworks */ = {
			isa = PBXGroup;
			children = (
				D197C54215ED04AB0017452F /* zip.framework */,
				D197C54315ED04AB0017452F /* zlib.framework */,
			);
			name = Frameworks;
			sourceTree = "<group>";
		};
/* End PBXGroup section */

/* Begin PBXHeadersBuildPhase section */
		8D07F2BD0486CC7A007CD1D0 /* Headers */ = {
			isa = PBXHeadersBuildPhase;
			buildActionMask = 2147483647;
			files = (
				D197C59015ED05610017452F /* cexcept.h in Headers */,
				D197C59115ED05610017452F /* png.h in Headers */,
				D197C59215ED05610017452F /* pngconf.h in Headers */,
				D197C59315ED05610017452F /* pngdebug.h in Headers */,
				D197C59415ED05610017452F /* PngFile.h in Headers */,
				D197C59515ED05610017452F /* pnginfo.h in Headers */,
				D197C59615ED05610017452F /* pnglibconf.h in Headers */,
				D197C59715ED05610017452F /* pngpriv.h in Headers */,
				D197C59815ED05610017452F /* pngstruct.h in Headers */,
				D197C59915ED05610017452F /* pngusr.h in Headers */,
				D197C59C15ED05610017452F /* readpng.h in Headers */,
				D197C59D15ED05610017452F /* readpng2.h in Headers */,
				D197C59E15ED05610017452F /* resource.h in Headers */,
				D197C59F15ED05610017452F /* writepng.h in Headers */,
			);
			runOnlyForDeploymentPostprocessing = 0;
		};
/* End PBXHeadersBuildPhase section */

/* Begin PBXNativeTarget section */
		8D07F2BC0486CC7A007CD1D0 /* png */ = {
			isa = PBXNativeTarget;
			buildConfigurationList = 730F235409181A3A00AB638C /* Build configuration list for PBXNativeTarget "png" */;
			buildPhases = (
				8D07F2C10486CC7A007CD1D0 /* Sources */,
				8D07F2C30486CC7A007CD1D0 /* Frameworks */,
				8D07F2BD0486CC7A007CD1D0 /* Headers */,
			);
			buildRules = (
			);
			dependencies = (
			);
			name = png;
			productInstallPath = "$(HOME)/Library/Frameworks";
			productName = png;
			productReference = 8D07F2C80486CC7A007CD1D0 /* png.framework */;
			productType = "com.apple.product-type.framework";
		};
		D1BB6F2D150E99EE00EF9400 /* png (iOS) */ = {
			isa = PBXNativeTarget;
			buildConfigurationList = D1BB6F3D150E99EE00EF9400 /* Build configuration list for PBXNativeTarget "png (iOS)" */;
			buildPhases = (
				D1BB6F2A150E99EE00EF9400 /* Sources */,
				D1BB6F2B150E99EE00EF9400 /* Frameworks */,
			);
			buildRules = (
			);
			dependencies = (
			);
			name = "png (iOS)";
			productName = libpng;
			productReference = D1BB6F2E150E99EE00EF9400 /* libpng.a */;
			productType = "com.apple.product-type.library.static";
		};
		D1F27936177A295D00E5C131 /* png (Mac) */ = {
			isa = PBXNativeTarget;
			buildConfigurationList = D1F27948177A295D00E5C131 /* Build configuration list for PBXNativeTarget "png (Mac)" */;
			buildPhases = (
				D1F27937177A295D00E5C131 /* Sources */,
				D1F27947177A295D00E5C131 /* Frameworks */,
			);
			buildRules = (
			);
			dependencies = (
			);
			name = "png (Mac)";
			productName = libpng;
			productReference = D1F2794E177A295D00E5C131 /* libpng.a */;
			productType = "com.apple.product-type.library.static";
		};
/* End PBXNativeTarget section */

/* Begin PBXProject section */
		0867D690FE84028FC02AAC07 /* Project object */ = {
			isa = PBXProject;
			attributes = {
				LastUpgradeCheck = 0510;
			};
			buildConfigurationList = 730F235809181A3A00AB638C /* Build configuration list for PBXProject "png" */;
			compatibilityVersion = "Xcode 3.2";
			developmentRegion = English;
			hasScannedForEncodings = 1;
			knownRegions = (
				en,
			);
			mainGroup = 0867D691FE84028FC02AAC07 /* png */;
			productRefGroup = 034768DDFF38A45A11DB9C8B /* Products */;
			projectDirPath = "";
			projectRoot = "";
			targets = (
				8D07F2BC0486CC7A007CD1D0 /* png */,
				D1F27936177A295D00E5C131 /* png (Mac) */,
				D1BB6F2D150E99EE00EF9400 /* png (iOS) */,
			);
		};
/* End PBXProject section */

/* Begin PBXSourcesBuildPhase section */
		8D07F2C10486CC7A007CD1D0 /* Sources */ = {
			isa = PBXSourcesBuildPhase;
			buildActionMask = 2147483647;
			files = (
				D197C55A15ED054B0017452F /* png.c in Sources */,
				D197C55E15ED054B0017452F /* pngerror.c in Sources */,
				D197C56215ED054B0017452F /* pngget.c in Sources */,
				D197C56415ED054B0017452F /* pngmem.c in Sources */,
				D197C56615ED054B0017452F /* pngpread.c in Sources */,
				D197C56815ED054B0017452F /* pngread.c in Sources */,
				D197C56A15ED054B0017452F /* pngrio.c in Sources */,
				D197C56C15ED054B0017452F /* pngrtran.c in Sources */,
				D197C56E15ED054B0017452F /* pngrutil.c in Sources */,
				D197C57015ED054B0017452F /* pngset.c in Sources */,
				D197C57415ED054B0017452F /* pngtrans.c in Sources */,
				D197C57815ED054B0017452F /* pngwio.c in Sources */,
				D197C57A15ED054B0017452F /* pngwrite.c in Sources */,
				D197C57C15ED054B0017452F /* pngwtran.c in Sources */,
				D197C57E15ED054B0017452F /* pngwutil.c in Sources */,
			);
			runOnlyForDeploymentPostprocessing = 0;
		};
		D1BB6F2A150E99EE00EF9400 /* Sources */ = {
			isa = PBXSourcesBuildPhase;
			buildActionMask = 2147483647;
			files = (
				D197C55B15ED054B0017452F /* png.c in Sources */,
				D197C55F15ED054B0017452F /* pngerror.c in Sources */,
				D197C56315ED054B0017452F /* pngget.c in Sources */,
				D197C56515ED054B0017452F /* pngmem.c in Sources */,
				D197C56715ED054B0017452F /* pngpread.c in Sources */,
				D197C56915ED054B0017452F /* pngread.c in Sources */,
				D197C56B15ED054B0017452F /* pngrio.c in Sources */,
				D197C56D15ED054B0017452F /* pngrtran.c in Sources */,
				D197C56F15ED054B0017452F /* pngrutil.c in Sources */,
				D197C57115ED054B0017452F /* pngset.c in Sources */,
				D197C57515ED054B0017452F /* pngtrans.c in Sources */,
				D197C57915ED054B0017452F /* pngwio.c in Sources */,
				D197C57B15ED054B0017452F /* pngwrite.c in Sources */,
				D197C57D15ED054B0017452F /* pngwtran.c in Sources */,
				D197C57F15ED054B0017452F /* pngwutil.c in Sources */,
			);
			runOnlyForDeploymentPostprocessing = 0;
		};
		D1F27937177A295D00E5C131 /* Sources */ = {
			isa = PBXSourcesBuildPhase;
			buildActionMask = 2147483647;
			files = (
				D1F27938177A295D00E5C131 /* png.c in Sources */,
				D1F27939177A295D00E5C131 /* pngerror.c in Sources */,
				D1F2793A177A295D00E5C131 /* pngget.c in Sources */,
				D1F2793B177A295D00E5C131 /* pngmem.c in Sources */,
				D1F2793C177A295D00E5C131 /* pngpread.c in Sources */,
				D1F2793D177A295D00E5C131 /* pngread.c in Sources */,
				D1F2793E177A295D00E5C131 /* pngrio.c in Sources */,
				D1F2793F177A295D00E5C131 /* pngrtran.c in Sources */,
				D1F27940177A295D00E5C131 /* pngrutil.c in Sources */,
				D1F27941177A295D00E5C131 /* pngset.c in Sources */,
				D1F27942177A295D00E5C131 /* pngtrans.c in Sources */,
				D1F27943177A295D00E5C131 /* pngwio.c in Sources */,
				D1F27944177A295D00E5C131 /* pngwrite.c in Sources */,
				D1F27945177A295D00E5C131 /* pngwtran.c in Sources */,
				D1F27946177A295D00E5C131 /* pngwutil.c in Sources */,
			);
			runOnlyForDeploymentPostprocessing = 0;
		};
/* End PBXSourcesBuildPhase section */

/* Begin XCBuildConfiguration section */
		D186223114F9589A00639D7C /* App Store */ = {
			isa = XCBuildConfiguration;
			buildSettings = {
				GCC_GENERATE_DEBUGGING_SYMBOLS = NO;
				GCC_OPTIMIZATION_LEVEL = 3;
				GCC_PREPROCESSOR_DEFINITIONS = __MACOSX__;
				OTHER_CFLAGS = (
					"$(OTHER_CFLAGS)",
					"-ffast-math",
				);
			};
			name = "App Store";
		};
		D186223214F9589A00639D7C /* App Store */ = {
			isa = XCBuildConfiguration;
			baseConfigurationReference = D1681B8518D764220088FC68 /* Mac.xcconfig */;
			buildSettings = {
				COPY_PHASE_STRIP = YES;
				INFOPLIST_FILE = Info.plist;
				LD_DYLIB_INSTALL_NAME = "@executable_path/../Frameworks/$(EXECUTABLE_PATH)";
				PRODUCT_NAME = png;
				SKIP_INSTALL = YES;
				WRAPPER_EXTENSION = framework;
			};
			name = "App Store";
		};
		D186223314F958A400639D7C /* Release */ = {
			isa = XCBuildConfiguration;
			buildSettings = {
				GCC_GENERATE_DEBUGGING_SYMBOLS = NO;
				GCC_OPTIMIZATION_LEVEL = 3;
				GCC_PREPROCESSOR_DEFINITIONS = __MACOSX__;
				OTHER_CFLAGS = (
					"$(OTHER_CFLAGS)",
					"-ffast-math",
				);
			};
			name = Release;
		};
		D186223414F958A400639D7C /* Release */ = {
			isa = XCBuildConfiguration;
			baseConfigurationReference = D1681B8518D764220088FC68 /* Mac.xcconfig */;
			buildSettings = {
				COPY_PHASE_STRIP = YES;
				INFOPLIST_FILE = Info.plist;
				LD_DYLIB_INSTALL_NAME = "@executable_path/../Frameworks/$(EXECUTABLE_PATH)";
				PRODUCT_NAME = png;
				SKIP_INSTALL = YES;
				WRAPPER_EXTENSION = framework;
			};
			name = Release;
		};
		D186223514F958AA00639D7C /* Debug */ = {
			isa = XCBuildConfiguration;
			buildSettings = {
				GCC_OPTIMIZATION_LEVEL = 0;
				GCC_PREPROCESSOR_DEFINITIONS = __MACOSX__;
				ONLY_ACTIVE_ARCH = YES;
			};
			name = Debug;
		};
		D186223614F958AA00639D7C /* Debug */ = {
			isa = XCBuildConfiguration;
			baseConfigurationReference = D1681B8518D764220088FC68 /* Mac.xcconfig */;
			buildSettings = {
				COPY_PHASE_STRIP = NO;
				GCC_DYNAMIC_NO_PIC = NO;
				INFOPLIST_FILE = Info.plist;
				LD_DYLIB_INSTALL_NAME = "@executable_path/../Frameworks/$(EXECUTABLE_PATH)";
				PRODUCT_NAME = png;
				SKIP_INSTALL = YES;
				WRAPPER_EXTENSION = framework;
			};
			name = Debug;
		};
		D1BB6F39150E99EE00EF9400 /* Debug */ = {
			isa = XCBuildConfiguration;
			baseConfigurationReference = D1681B8418D764220088FC68 /* iOS.xcconfig */;
			buildSettings = {
				ALWAYS_SEARCH_USER_PATHS = NO;
				COPY_PHASE_STRIP = NO;
				FRAMEWORK_SEARCH_PATHS = (
					"$(inherited)",
					"\"$(SYSTEM_APPS_DIR)/Xcode.app/Contents/Developer/Library/Frameworks\"",
				);
				GCC_DYNAMIC_NO_PIC = NO;
				GCC_PREPROCESSOR_DEFINITIONS = (
					"DEBUG=1",
					"$(inherited)",
				);
				GCC_SYMBOLS_PRIVATE_EXTERN = NO;
				GCC_WARN_ABOUT_RETURN_TYPE = YES;
				GCC_WARN_UNUSED_VARIABLE = YES;
				PRODUCT_NAME = png;
				SKIP_INSTALL = YES;
			};
			name = Debug;
		};
		D1BB6F3B150E99EE00EF9400 /* Release */ = {
			isa = XCBuildConfiguration;
			baseConfigurationReference = D1681B8418D764220088FC68 /* iOS.xcconfig */;
			buildSettings = {
				ALWAYS_SEARCH_USER_PATHS = NO;
				COPY_PHASE_STRIP = YES;
				FRAMEWORK_SEARCH_PATHS = (
					"$(inherited)",
					"\"$(SYSTEM_APPS_DIR)/Xcode.app/Contents/Developer/Library/Frameworks\"",
				);
				GCC_WARN_ABOUT_RETURN_TYPE = YES;
				GCC_WARN_UNUSED_VARIABLE = YES;
				PRODUCT_NAME = png;
				SKIP_INSTALL = YES;
			};
			name = Release;
		};
		D1BB6F3C150E99EE00EF9400 /* App Store */ = {
			isa = XCBuildConfiguration;
			baseConfigurationReference = D1681B8418D764220088FC68 /* iOS.xcconfig */;
			buildSettings = {
				ALWAYS_SEARCH_USER_PATHS = NO;
				COPY_PHASE_STRIP = YES;
				FRAMEWORK_SEARCH_PATHS = (
					"$(inherited)",
					"\"$(SYSTEM_APPS_DIR)/Xcode.app/Contents/Developer/Library/Frameworks\"",
				);
				GCC_WARN_ABOUT_RETURN_TYPE = YES;
				GCC_WARN_UNUSED_VARIABLE = YES;
				PRODUCT_NAME = png;
				SKIP_INSTALL = YES;
			};
			name = "App Store";
		};
		D1F2794A177A295D00E5C131 /* Debug */ = {
			isa = XCBuildConfiguration;
			baseConfigurationReference = D1681B8518D764220088FC68 /* Mac.xcconfig */;
			buildSettings = {
				COPY_PHASE_STRIP = NO;
				GCC_DYNAMIC_NO_PIC = NO;
				GCC_SYMBOLS_PRIVATE_EXTERN = NO;
				GCC_WARN_ABOUT_RETURN_TYPE = YES;
				GCC_WARN_UNUSED_VARIABLE = YES;
				PRODUCT_NAME = png;
				SKIP_INSTALL = YES;
			};
			name = Debug;
		};
		D1F2794C177A295D00E5C131 /* Release */ = {
			isa = XCBuildConfiguration;
			baseConfigurationReference = D1681B8518D764220088FC68 /* Mac.xcconfig */;
			buildSettings = {
				COPY_PHASE_STRIP = YES;
				GCC_WARN_ABOUT_RETURN_TYPE = YES;
				GCC_WARN_UNUSED_VARIABLE = YES;
				PRODUCT_NAME = png;
				SKIP_INSTALL = YES;
			};
			name = Release;
		};
		D1F2794D177A295D00E5C131 /* App Store */ = {
			isa = XCBuildConfiguration;
			baseConfigurationReference = D1681B8518D764220088FC68 /* Mac.xcconfig */;
			buildSettings = {
				COPY_PHASE_STRIP = YES;
				GCC_WARN_ABOUT_RETURN_TYPE = YES;
				GCC_WARN_UNUSED_VARIABLE = YES;
				PRODUCT_NAME = png;
				SKIP_INSTALL = YES;
			};
			name = "App Store";
		};
/* End XCBuildConfiguration section */

/* Begin XCConfigurationList section */
		730F235409181A3A00AB638C /* Build configuration list for PBXNativeTarget "png" */ = {
			isa = XCConfigurationList;
			buildConfigurations = (
				D186223614F958AA00639D7C /* Debug */,
				D186223414F958A400639D7C /* Release */,
				D186223214F9589A00639D7C /* App Store */,
			);
			defaultConfigurationIsVisible = 0;
			defaultConfigurationName = Debug;
		};
		730F235809181A3A00AB638C /* Build configuration list for PBXProject "png" */ = {
			isa = XCConfigurationList;
			buildConfigurations = (
				D186223514F958AA00639D7C /* Debug */,
				D186223314F958A400639D7C /* Release */,
				D186223114F9589A00639D7C /* App Store */,
			);
			defaultConfigurationIsVisible = 0;
			defaultConfigurationName = Debug;
		};
		D1BB6F3D150E99EE00EF9400 /* Build configuration list for PBXNativeTarget "png (iOS)" */ = {
			isa = XCConfigurationList;
			buildConfigurations = (
				D1BB6F39150E99EE00EF9400 /* Debug */,
				D1BB6F3B150E99EE00EF9400 /* Release */,
				D1BB6F3C150E99EE00EF9400 /* App Store */,
			);
			defaultConfigurationIsVisible = 0;
			defaultConfigurationName = Debug;
		};
		D1F27948177A295D00E5C131 /* Build configuration list for PBXNativeTarget "png (Mac)" */ = {
			isa = XCConfigurationList;
			buildConfigurations = (
				D1F2794A177A295D00E5C131 /* Debug */,
				D1F2794C177A295D00E5C131 /* Release */,
				D1F2794D177A295D00E5C131 /* App Store */,
			);
			defaultConfigurationIsVisible = 0;
			defaultConfigurationName = Debug;
		};
/* End XCConfigurationList section */
	};
	rootObject = 0867D690FE84028FC02AAC07 /* Project object */;
}
