
Microsoft Visual Studio Solution File, Format Version 12.00
# Visual C++ Express 2012
Project("{8BC9CEB8-8B4A-11D0-8D11-00A0C91BC942}") = "libtinyxml", "libtinyxml_2012.vcxproj", "{C406DAEC-0886-4771-8DEA-9D7329B46CC1}"
EndProject
Global
	GlobalSection(SolutionConfigurationPlatforms) = preSolution
		Debug|Android = Debug|Android
		Debug|Win32 = Debug|Win32
		Release|Android = Release|Android
		Release|Win32 = Release|Win32
	EndGlobalSection
	GlobalSection(ProjectConfigurationPlatforms) = postSolution
		{C406DAEC-0886-4771-8DEA-9D7329B46CC1}.Debug|Android.ActiveCfg = Debug|Android
		{C406DAEC-0886-4771-8DEA-9D7329B46CC1}.Debug|Android.Build.0 = Debug|Android
		{C406DAEC-0886-4771-8DEA-9D7329B46CC1}.Debug|Win32.ActiveCfg = Debug|Win32
		{C406DAEC-0886-4771-8DEA-9D7329B46CC1}.Debug|Win32.Build.0 = Debug|Win32
		{C406DAEC-0886-4771-8DEA-9D7329B46CC1}.Release|Android.ActiveCfg = Release|Android
		{C406DAEC-0886-4771-8DEA-9D7329B46CC1}.Release|Android.Build.0 = Release|Android
		{C406DAEC-0886-4771-8DEA-9D7329B46CC1}.Release|Win32.ActiveCfg = Release|Win32
		{C406DAEC-0886-4771-8DEA-9D7329B46CC1}.Release|Win32.Build.0 = Release|Win32
	EndGlobalSection
	GlobalSection(SolutionProperties) = preSolution
		HideSolutionNode = FALSE
	EndGlobalSection
EndGlobal
